// !$*UTF8*$!
{
	archiveVersion = 1;
	classes = {
	};
	objectVersion = 46;
	objects = {

/* Begin PBXBuildFile section */
		634A9DC91A5F8788006F41FA /* PeriodicTableWindow.m in Sources */ = {isa = PBXBuildFile; fileRef = 634A9DC71A5F8788006F41FA /* PeriodicTableWindow.m */; };
		634A9DCA1A5F8788006F41FA /* PeriodicTableWindow.xib in Resources */ = {isa = PBXBuildFile; fileRef = 634A9DC81A5F8788006F41FA /* PeriodicTableWindow.xib */; };
		634A9ED61A5F8C56006F41FA /* ElementButton.m in Sources */ = {isa = PBXBuildFile; fileRef = 634A9ED51A5F8C56006F41FA /* ElementButton.m */; };
		639BDB041A5F84CC0043F97C /* AppDelegate.m in Sources */ = {isa = PBXBuildFile; fileRef = 639BDB031A5F84CC0043F97C /* AppDelegate.m */; };
		639BDB061A5F84CC0043F97C /* main.m in Sources */ = {isa = PBXBuildFile; fileRef = 639BDB051A5F84CC0043F97C /* main.m */; };
		639BDB081A5F84CC0043F97C /* Images.xcassets in Resources */ = {isa = PBXBuildFile; fileRef = 639BDB071A5F84CC0043F97C /* Images.xcassets */; };
		639BDB0B1A5F84CC0043F97C /* MainMenu.xib in Resources */ = {isa = PBXBuildFile; fileRef = 639BDB091A5F84CC0043F97C /* MainMenu.xib */; };
		639BDB171A5F84CC0043F97C /* PeriodicTableTests.m in Sources */ = {isa = PBXBuildFile; fileRef = 639BDB161A5F84CC0043F97C /* PeriodicTableTests.m */; };
		63B706101A6C41E60008CF30 /* ElementManager.m in Sources */ = {isa = PBXBuildFile; fileRef = 63B7060F1A6C41E60008CF30 /* ElementManager.m */; };
		63B706121A6C42F10008CF30 /* ElementData.plist in Resources */ = {isa = PBXBuildFile; fileRef = 63B706111A6C42F10008CF30 /* ElementData.plist */; };
		63B706151A6C436C0008CF30 /* Constants.m in Sources */ = {isa = PBXBuildFile; fileRef = 63B706141A6C436C0008CF30 /* Constants.m */; };
		63B7061F1A6C7A050008CF30 /* YellowBG.png in Resources */ = {isa = PBXBuildFile; fileRef = 63B7061E1A6C7A050008CF30 /* YellowBG.png */; };
		63B7069C1A6CB38A0008CF30 /* ActinideSeries.png in Resources */ = {isa = PBXBuildFile; fileRef = 63B706211A6CB38A0008CF30 /* ActinideSeries.png */; };
		63B7069D1A6CB38A0008CF30 /* Actinium.png in Resources */ = {isa = PBXBuildFile; fileRef = 63B706221A6CB38A0008CF30 /* Actinium.png */; };
		63B7069E1A6CB38A0008CF30 /* Aluminum.png in Resources */ = {isa = PBXBuildFile; fileRef = 63B706231A6CB38A0008CF30 /* Aluminum.png */; };
		63B7069F1A6CB38A0008CF30 /* Americium.png in Resources */ = {isa = PBXBuildFile; fileRef = 63B706241A6CB38A0008CF30 /* Americium.png */; };
		63B706A01A6CB38A0008CF30 /* Antimony.png in Resources */ = {isa = PBXBuildFile; fileRef = 63B706251A6CB38A0008CF30 /* Antimony.png */; };
		63B706A11A6CB38A0008CF30 /* Argon.png in Resources */ = {isa = PBXBuildFile; fileRef = 63B706261A6CB38A0008CF30 /* Argon.png */; };
		63B706A21A6CB38A0008CF30 /* Arsenic.png in Resources */ = {isa = PBXBuildFile; fileRef = 63B706271A6CB38A0008CF30 /* Arsenic.png */; };
		63B706A31A6CB38A0008CF30 /* Astatine.png in Resources */ = {isa = PBXBuildFile; fileRef = 63B706281A6CB38A0008CF30 /* Astatine.png */; };
		63B706A41A6CB38A0008CF30 /* Barium.png in Resources */ = {isa = PBXBuildFile; fileRef = 63B706291A6CB38A0008CF30 /* Barium.png */; };
		63B706A51A6CB38A0008CF30 /* Berkelium.png in Resources */ = {isa = PBXBuildFile; fileRef = 63B7062A1A6CB38A0008CF30 /* Berkelium.png */; };
		63B706A61A6CB38A0008CF30 /* Beryllium.png in Resources */ = {isa = PBXBuildFile; fileRef = 63B7062B1A6CB38A0008CF30 /* Beryllium.png */; };
		63B706A71A6CB38A0008CF30 /* Bismuth.png in Resources */ = {isa = PBXBuildFile; fileRef = 63B7062C1A6CB38A0008CF30 /* Bismuth.png */; };
		63B706A81A6CB38A0008CF30 /* Bohrium.png in Resources */ = {isa = PBXBuildFile; fileRef = 63B7062D1A6CB38A0008CF30 /* Bohrium.png */; };
		63B706A91A6CB38A0008CF30 /* Boron.png in Resources */ = {isa = PBXBuildFile; fileRef = 63B7062E1A6CB38A0008CF30 /* Boron.png */; };
		63B706AA1A6CB38A0008CF30 /* Bromine.png in Resources */ = {isa = PBXBuildFile; fileRef = 63B7062F1A6CB38A0008CF30 /* Bromine.png */; };
		63B706AB1A6CB38A0008CF30 /* Cadmium.png in Resources */ = {isa = PBXBuildFile; fileRef = 63B706301A6CB38A0008CF30 /* Cadmium.png */; };
		63B706AC1A6CB38A0008CF30 /* Calcium.png in Resources */ = {isa = PBXBuildFile; fileRef = 63B706311A6CB38A0008CF30 /* Calcium.png */; };
		63B706AD1A6CB38A0008CF30 /* Californium.png in Resources */ = {isa = PBXBuildFile; fileRef = 63B706321A6CB38A0008CF30 /* Californium.png */; };
		63B706AE1A6CB38A0008CF30 /* Carbon.png in Resources */ = {isa = PBXBuildFile; fileRef = 63B706331A6CB38A0008CF30 /* Carbon.png */; };
		63B706AF1A6CB38A0008CF30 /* Cerium.png in Resources */ = {isa = PBXBuildFile; fileRef = 63B706341A6CB38A0008CF30 /* Cerium.png */; };
		63B706B01A6CB38A0008CF30 /* Cesium.png in Resources */ = {isa = PBXBuildFile; fileRef = 63B706351A6CB38A0008CF30 /* Cesium.png */; };
		63B706B11A6CB38A0008CF30 /* Chlorine.png in Resources */ = {isa = PBXBuildFile; fileRef = 63B706361A6CB38A0008CF30 /* Chlorine.png */; };
		63B706B21A6CB38A0008CF30 /* Chromium.png in Resources */ = {isa = PBXBuildFile; fileRef = 63B706371A6CB38A0008CF30 /* Chromium.png */; };
		63B706B31A6CB38A0008CF30 /* Cobalt.png in Resources */ = {isa = PBXBuildFile; fileRef = 63B706381A6CB38A0008CF30 /* Cobalt.png */; };
		63B706B41A6CB38A0008CF30 /* Copernicium.png in Resources */ = {isa = PBXBuildFile; fileRef = 63B706391A6CB38A0008CF30 /* Copernicium.png */; };
		63B706B51A6CB38A0008CF30 /* Copper.png in Resources */ = {isa = PBXBuildFile; fileRef = 63B7063A1A6CB38A0008CF30 /* Copper.png */; };
		63B706B61A6CB38A0008CF30 /* Curium.png in Resources */ = {isa = PBXBuildFile; fileRef = 63B7063B1A6CB38A0008CF30 /* Curium.png */; };
		63B706B71A6CB38A0008CF30 /* Darmstadtium.png in Resources */ = {isa = PBXBuildFile; fileRef = 63B7063C1A6CB38A0008CF30 /* Darmstadtium.png */; };
		63B706B81A6CB38A0008CF30 /* Dubnium.png in Resources */ = {isa = PBXBuildFile; fileRef = 63B7063D1A6CB38A0008CF30 /* Dubnium.png */; };
		63B706B91A6CB38A0008CF30 /* Dysprosium.png in Resources */ = {isa = PBXBuildFile; fileRef = 63B7063E1A6CB38A0008CF30 /* Dysprosium.png */; };
		63B706BA1A6CB38A0008CF30 /* Einsteinium.png in Resources */ = {isa = PBXBuildFile; fileRef = 63B7063F1A6CB38A0008CF30 /* Einsteinium.png */; };
		63B706BB1A6CB38A0008CF30 /* Erbium.png in Resources */ = {isa = PBXBuildFile; fileRef = 63B706401A6CB38A0008CF30 /* Erbium.png */; };
		63B706BC1A6CB38A0008CF30 /* Europium.png in Resources */ = {isa = PBXBuildFile; fileRef = 63B706411A6CB38A0008CF30 /* Europium.png */; };
		63B706BD1A6CB38A0008CF30 /* Fermium.png in Resources */ = {isa = PBXBuildFile; fileRef = 63B706421A6CB38A0008CF30 /* Fermium.png */; };
		63B706BE1A6CB38A0008CF30 /* Flerovium.png in Resources */ = {isa = PBXBuildFile; fileRef = 63B706431A6CB38A0008CF30 /* Flerovium.png */; };
		63B706BF1A6CB38A0008CF30 /* Fluorine.png in Resources */ = {isa = PBXBuildFile; fileRef = 63B706441A6CB38A0008CF30 /* Fluorine.png */; };
		63B706C01A6CB38A0008CF30 /* Francium.png in Resources */ = {isa = PBXBuildFile; fileRef = 63B706451A6CB38A0008CF30 /* Francium.png */; };
		63B706C11A6CB38A0008CF30 /* Gadolinium.png in Resources */ = {isa = PBXBuildFile; fileRef = 63B706461A6CB38A0008CF30 /* Gadolinium.png */; };
		63B706C21A6CB38A0008CF30 /* Gallium.png in Resources */ = {isa = PBXBuildFile; fileRef = 63B706471A6CB38A0008CF30 /* Gallium.png */; };
		63B706C31A6CB38A0008CF30 /* Germanium.png in Resources */ = {isa = PBXBuildFile; fileRef = 63B706481A6CB38A0008CF30 /* Germanium.png */; };
		63B706C41A6CB38A0008CF30 /* Gold.png in Resources */ = {isa = PBXBuildFile; fileRef = 63B706491A6CB38A0008CF30 /* Gold.png */; };
		63B706C51A6CB38A0008CF30 /* Hafnium.png in Resources */ = {isa = PBXBuildFile; fileRef = 63B7064A1A6CB38A0008CF30 /* Hafnium.png */; };
		63B706C61A6CB38A0008CF30 /* Hassium.png in Resources */ = {isa = PBXBuildFile; fileRef = 63B7064B1A6CB38A0008CF30 /* Hassium.png */; };
		63B706C71A6CB38A0008CF30 /* Helium.png in Resources */ = {isa = PBXBuildFile; fileRef = 63B7064C1A6CB38A0008CF30 /* Helium.png */; };
		63B706C81A6CB38A0008CF30 /* Holmium.png in Resources */ = {isa = PBXBuildFile; fileRef = 63B7064D1A6CB38A0008CF30 /* Holmium.png */; };
		63B706C91A6CB38A0008CF30 /* Hydrogen.png in Resources */ = {isa = PBXBuildFile; fileRef = 63B7064E1A6CB38A0008CF30 /* Hydrogen.png */; };
		63B706CA1A6CB38A0008CF30 /* HydrogenClear.png in Resources */ = {isa = PBXBuildFile; fileRef = 63B7064F1A6CB38A0008CF30 /* HydrogenClear.png */; };
		63B706CB1A6CB38A0008CF30 /* HydrogenLarge.png in Resources */ = {isa = PBXBuildFile; fileRef = 63B706501A6CB38A0008CF30 /* HydrogenLarge.png */; };
		63B706CC1A6CB38A0008CF30 /* Indium.png in Resources */ = {isa = PBXBuildFile; fileRef = 63B706511A6CB38A0008CF30 /* Indium.png */; };
		63B706CD1A6CB38A0008CF30 /* Iodine.png in Resources */ = {isa = PBXBuildFile; fileRef = 63B706521A6CB38A0008CF30 /* Iodine.png */; };
		63B706CE1A6CB38A0008CF30 /* Iridium.png in Resources */ = {isa = PBXBuildFile; fileRef = 63B706531A6CB38A0008CF30 /* Iridium.png */; };
		63B706CF1A6CB38A0008CF30 /* Iron.png in Resources */ = {isa = PBXBuildFile; fileRef = 63B706541A6CB38A0008CF30 /* Iron.png */; };
		63B706D01A6CB38A0008CF30 /* Krypton.png in Resources */ = {isa = PBXBuildFile; fileRef = 63B706551A6CB38A0008CF30 /* Krypton.png */; };
		63B706D11A6CB38A0008CF30 /* LanthanideSeries.png in Resources */ = {isa = PBXBuildFile; fileRef = 63B706561A6CB38A0008CF30 /* LanthanideSeries.png */; };
		63B706D21A6CB38A0008CF30 /* Lanthanum.png in Resources */ = {isa = PBXBuildFile; fileRef = 63B706571A6CB38A0008CF30 /* Lanthanum.png */; };
		63B706D31A6CB38A0008CF30 /* Lawrencium.png in Resources */ = {isa = PBXBuildFile; fileRef = 63B706581A6CB38A0008CF30 /* Lawrencium.png */; };
		63B706D41A6CB38A0008CF30 /* Lead.png in Resources */ = {isa = PBXBuildFile; fileRef = 63B706591A6CB38A0008CF30 /* Lead.png */; };
		63B706D51A6CB38A0008CF30 /* Lithium.png in Resources */ = {isa = PBXBuildFile; fileRef = 63B7065A1A6CB38A0008CF30 /* Lithium.png */; };
		63B706D61A6CB38A0008CF30 /* Livermorium.png in Resources */ = {isa = PBXBuildFile; fileRef = 63B7065B1A6CB38A0008CF30 /* Livermorium.png */; };
		63B706D71A6CB38A0008CF30 /* Lutetium.png in Resources */ = {isa = PBXBuildFile; fileRef = 63B7065C1A6CB38A0008CF30 /* Lutetium.png */; };
		63B706D81A6CB38A0008CF30 /* Magnesium.png in Resources */ = {isa = PBXBuildFile; fileRef = 63B7065D1A6CB38A0008CF30 /* Magnesium.png */; };
		63B706D91A6CB38A0008CF30 /* Manganese.png in Resources */ = {isa = PBXBuildFile; fileRef = 63B7065E1A6CB38A0008CF30 /* Manganese.png */; };
		63B706DA1A6CB38A0008CF30 /* Meitnerium.png in Resources */ = {isa = PBXBuildFile; fileRef = 63B7065F1A6CB38A0008CF30 /* Meitnerium.png */; };
		63B706DB1A6CB38A0008CF30 /* Mendelevium.png in Resources */ = {isa = PBXBuildFile; fileRef = 63B706601A6CB38A0008CF30 /* Mendelevium.png */; };
		63B706DC1A6CB38A0008CF30 /* Mercury.png in Resources */ = {isa = PBXBuildFile; fileRef = 63B706611A6CB38A0008CF30 /* Mercury.png */; };
		63B706DD1A6CB38A0008CF30 /* Molybdenum.png in Resources */ = {isa = PBXBuildFile; fileRef = 63B706621A6CB38A0008CF30 /* Molybdenum.png */; };
		63B706DE1A6CB38A0008CF30 /* Neodymium.png in Resources */ = {isa = PBXBuildFile; fileRef = 63B706631A6CB38A0008CF30 /* Neodymium.png */; };
		63B706DF1A6CB38A0008CF30 /* Neon.png in Resources */ = {isa = PBXBuildFile; fileRef = 63B706641A6CB38A0008CF30 /* Neon.png */; };
		63B706E01A6CB38A0008CF30 /* Neptunium.png in Resources */ = {isa = PBXBuildFile; fileRef = 63B706651A6CB38A0008CF30 /* Neptunium.png */; };
		63B706E11A6CB38A0008CF30 /* Nickel.png in Resources */ = {isa = PBXBuildFile; fileRef = 63B706661A6CB38A0008CF30 /* Nickel.png */; };
		63B706E21A6CB38A0008CF30 /* Niobium.png in Resources */ = {isa = PBXBuildFile; fileRef = 63B706671A6CB38A0008CF30 /* Niobium.png */; };
		63B706E31A6CB38A0008CF30 /* Nitrogen.png in Resources */ = {isa = PBXBuildFile; fileRef = 63B706681A6CB38A0008CF30 /* Nitrogen.png */; };
		63B706E41A6CB38A0008CF30 /* Nobelium.png in Resources */ = {isa = PBXBuildFile; fileRef = 63B706691A6CB38A0008CF30 /* Nobelium.png */; };
		63B706E51A6CB38A0008CF30 /* Osmium.png in Resources */ = {isa = PBXBuildFile; fileRef = 63B7066A1A6CB38A0008CF30 /* Osmium.png */; };
		63B706E61A6CB38A0008CF30 /* Oxygen.png in Resources */ = {isa = PBXBuildFile; fileRef = 63B7066B1A6CB38A0008CF30 /* Oxygen.png */; };
		63B706E71A6CB38A0008CF30 /* Palladium.png in Resources */ = {isa = PBXBuildFile; fileRef = 63B7066C1A6CB38A0008CF30 /* Palladium.png */; };
		63B706E81A6CB38A0008CF30 /* Phosphorus.png in Resources */ = {isa = PBXBuildFile; fileRef = 63B7066D1A6CB38A0008CF30 /* Phosphorus.png */; };
		63B706E91A6CB38A0008CF30 /* Platinum.png in Resources */ = {isa = PBXBuildFile; fileRef = 63B7066E1A6CB38A0008CF30 /* Platinum.png */; };
		63B706EA1A6CB38A0008CF30 /* Plutonium.png in Resources */ = {isa = PBXBuildFile; fileRef = 63B7066F1A6CB38A0008CF30 /* Plutonium.png */; };
		63B706EB1A6CB38A0008CF30 /* Polonium.png in Resources */ = {isa = PBXBuildFile; fileRef = 63B706701A6CB38A0008CF30 /* Polonium.png */; };
		63B706EC1A6CB38A0008CF30 /* Potassium.png in Resources */ = {isa = PBXBuildFile; fileRef = 63B706711A6CB38A0008CF30 /* Potassium.png */; };
		63B706ED1A6CB38A0008CF30 /* Praseodymium.png in Resources */ = {isa = PBXBuildFile; fileRef = 63B706721A6CB38A0008CF30 /* Praseodymium.png */; };
		63B706EE1A6CB38A0008CF30 /* Promethium.png in Resources */ = {isa = PBXBuildFile; fileRef = 63B706731A6CB38A0008CF30 /* Promethium.png */; };
		63B706EF1A6CB38A0008CF30 /* Protactinium.png in Resources */ = {isa = PBXBuildFile; fileRef = 63B706741A6CB38A0008CF30 /* Protactinium.png */; };
		63B706F01A6CB38A0008CF30 /* Radium.png in Resources */ = {isa = PBXBuildFile; fileRef = 63B706751A6CB38A0008CF30 /* Radium.png */; };
		63B706F11A6CB38A0008CF30 /* Radon.png in Resources */ = {isa = PBXBuildFile; fileRef = 63B706761A6CB38A0008CF30 /* Radon.png */; };
		63B706F21A6CB38A0008CF30 /* Rhenium.png in Resources */ = {isa = PBXBuildFile; fileRef = 63B706771A6CB38A0008CF30 /* Rhenium.png */; };
		63B706F31A6CB38A0008CF30 /* Rhodium.png in Resources */ = {isa = PBXBuildFile; fileRef = 63B706781A6CB38A0008CF30 /* Rhodium.png */; };
		63B706F41A6CB38A0008CF30 /* Roentgenium.png in Resources */ = {isa = PBXBuildFile; fileRef = 63B706791A6CB38A0008CF30 /* Roentgenium.png */; };
		63B706F51A6CB38A0008CF30 /* Rubidium.png in Resources */ = {isa = PBXBuildFile; fileRef = 63B7067A1A6CB38A0008CF30 /* Rubidium.png */; };
		63B706F61A6CB38A0008CF30 /* Ruthenium.png in Resources */ = {isa = PBXBuildFile; fileRef = 63B7067B1A6CB38A0008CF30 /* Ruthenium.png */; };
		63B706F71A6CB38A0008CF30 /* Rutherfordium.png in Resources */ = {isa = PBXBuildFile; fileRef = 63B7067C1A6CB38A0008CF30 /* Rutherfordium.png */; };
		63B706F81A6CB38A0008CF30 /* Samarium.png in Resources */ = {isa = PBXBuildFile; fileRef = 63B7067D1A6CB38A0008CF30 /* Samarium.png */; };
		63B706F91A6CB38A0008CF30 /* Scandium.png in Resources */ = {isa = PBXBuildFile; fileRef = 63B7067E1A6CB38A0008CF30 /* Scandium.png */; };
		63B706FA1A6CB38A0008CF30 /* Seaborgium.png in Resources */ = {isa = PBXBuildFile; fileRef = 63B7067F1A6CB38A0008CF30 /* Seaborgium.png */; };
		63B706FB1A6CB38A0008CF30 /* Selenium.png in Resources */ = {isa = PBXBuildFile; fileRef = 63B706801A6CB38A0008CF30 /* Selenium.png */; };
		63B706FC1A6CB38A0008CF30 /* Silicon.png in Resources */ = {isa = PBXBuildFile; fileRef = 63B706811A6CB38A0008CF30 /* Silicon.png */; };
		63B706FD1A6CB38A0008CF30 /* Silver.png in Resources */ = {isa = PBXBuildFile; fileRef = 63B706821A6CB38A0008CF30 /* Silver.png */; };
		63B706FE1A6CB38A0008CF30 /* Sodium.png in Resources */ = {isa = PBXBuildFile; fileRef = 63B706831A6CB38A0008CF30 /* Sodium.png */; };
		63B706FF1A6CB38A0008CF30 /* Strontium.png in Resources */ = {isa = PBXBuildFile; fileRef = 63B706841A6CB38A0008CF30 /* Strontium.png */; };
		63B707001A6CB38A0008CF30 /* Sulfur.png in Resources */ = {isa = PBXBuildFile; fileRef = 63B706851A6CB38A0008CF30 /* Sulfur.png */; };
		63B707011A6CB38A0008CF30 /* Tantalum.png in Resources */ = {isa = PBXBuildFile; fileRef = 63B706861A6CB38A0008CF30 /* Tantalum.png */; };
		63B707021A6CB38A0008CF30 /* Technetium.png in Resources */ = {isa = PBXBuildFile; fileRef = 63B706871A6CB38A0008CF30 /* Technetium.png */; };
		63B707031A6CB38A0008CF30 /* Tellurium.png in Resources */ = {isa = PBXBuildFile; fileRef = 63B706881A6CB38A0008CF30 /* Tellurium.png */; };
		63B707041A6CB38A0008CF30 /* Terbium.png in Resources */ = {isa = PBXBuildFile; fileRef = 63B706891A6CB38A0008CF30 /* Terbium.png */; };
		63B707051A6CB38A0008CF30 /* Thallium.png in Resources */ = {isa = PBXBuildFile; fileRef = 63B7068A1A6CB38A0008CF30 /* Thallium.png */; };
		63B707061A6CB38A0008CF30 /* Thorium.png in Resources */ = {isa = PBXBuildFile; fileRef = 63B7068B1A6CB38A0008CF30 /* Thorium.png */; };
		63B707071A6CB38A0008CF30 /* Thulium.png in Resources */ = {isa = PBXBuildFile; fileRef = 63B7068C1A6CB38A0008CF30 /* Thulium.png */; };
		63B707081A6CB38A0008CF30 /* Tin.png in Resources */ = {isa = PBXBuildFile; fileRef = 63B7068D1A6CB38A0008CF30 /* Tin.png */; };
		63B707091A6CB38A0008CF30 /* Titanium.png in Resources */ = {isa = PBXBuildFile; fileRef = 63B7068E1A6CB38A0008CF30 /* Titanium.png */; };
		63B7070A1A6CB38A0008CF30 /* Tungsten.png in Resources */ = {isa = PBXBuildFile; fileRef = 63B7068F1A6CB38A0008CF30 /* Tungsten.png */; };
		63B7070B1A6CB38A0008CF30 /* Ununoctium.png in Resources */ = {isa = PBXBuildFile; fileRef = 63B706901A6CB38A0008CF30 /* Ununoctium.png */; };
		63B7070C1A6CB38A0008CF30 /* Ununpentium.png in Resources */ = {isa = PBXBuildFile; fileRef = 63B706911A6CB38A0008CF30 /* Ununpentium.png */; };
		63B7070D1A6CB38A0008CF30 /* Ununseptium.png in Resources */ = {isa = PBXBuildFile; fileRef = 63B706921A6CB38A0008CF30 /* Ununseptium.png */; };
		63B7070E1A6CB38A0008CF30 /* Ununtrium.png in Resources */ = {isa = PBXBuildFile; fileRef = 63B706931A6CB38A0008CF30 /* Ununtrium.png */; };
		63B7070F1A6CB38A0008CF30 /* Uranium.png in Resources */ = {isa = PBXBuildFile; fileRef = 63B706941A6CB38A0008CF30 /* Uranium.png */; };
		63B707101A6CB38A0008CF30 /* Vanadium.png in Resources */ = {isa = PBXBuildFile; fileRef = 63B706951A6CB38A0008CF30 /* Vanadium.png */; };
		63B707111A6CB38A0008CF30 /* Xenon.png in Resources */ = {isa = PBXBuildFile; fileRef = 63B706961A6CB38A0008CF30 /* Xenon.png */; };
		63B707121A6CB38A0008CF30 /* YellowBG.png in Resources */ = {isa = PBXBuildFile; fileRef = 63B706971A6CB38A0008CF30 /* YellowBG.png */; };
		63B707131A6CB38A0008CF30 /* Ytterbium.png in Resources */ = {isa = PBXBuildFile; fileRef = 63B706981A6CB38A0008CF30 /* Ytterbium.png */; };
		63B707141A6CB38A0008CF30 /* Yttrium.png in Resources */ = {isa = PBXBuildFile; fileRef = 63B706991A6CB38A0008CF30 /* Yttrium.png */; };
		63B707151A6CB38A0008CF30 /* Zinc.png in Resources */ = {isa = PBXBuildFile; fileRef = 63B7069A1A6CB38A0008CF30 /* Zinc.png */; };
		63B707161A6CB38A0008CF30 /* Zirconium.png in Resources */ = {isa = PBXBuildFile; fileRef = 63B7069B1A6CB38A0008CF30 /* Zirconium.png */; };
/* End PBXBuildFile section */

/* Begin PBXContainerItemProxy section */
		639BDB111A5F84CC0043F97C /* PBXContainerItemProxy */ = {
			isa = PBXContainerItemProxy;
			containerPortal = 639BDAF51A5F84CC0043F97C /* Project object */;
			proxyType = 1;
			remoteGlobalIDString = 639BDAFC1A5F84CC0043F97C;
			remoteInfo = PeriodicTable;
		};
/* End PBXContainerItemProxy section */

/* Begin PBXFileReference section */
		634A9DC61A5F8788006F41FA /* PeriodicTableWindow.h */ = {isa = PBXFileReference; fileEncoding = 4; lastKnownFileType = sourcecode.c.h; path = PeriodicTableWindow.h; sourceTree = "<group>"; };
		634A9DC71A5F8788006F41FA /* PeriodicTableWindow.m */ = {isa = PBXFileReference; fileEncoding = 4; lastKnownFileType = sourcecode.c.objc; path = PeriodicTableWindow.m; sourceTree = "<group>"; };
		634A9DC81A5F8788006F41FA /* PeriodicTableWindow.xib */ = {isa = PBXFileReference; fileEncoding = 4; lastKnownFileType = file.xib; path = PeriodicTableWindow.xib; sourceTree = "<group>"; };
		634A9ED41A5F8C56006F41FA /* ElementButton.h */ = {isa = PBXFileReference; fileEncoding = 4; lastKnownFileType = sourcecode.c.h; path = ElementButton.h; sourceTree = "<group>"; };
		634A9ED51A5F8C56006F41FA /* ElementButton.m */ = {isa = PBXFileReference; fileEncoding = 4; lastKnownFileType = sourcecode.c.objc; path = ElementButton.m; sourceTree = "<group>"; };
		639BDAFD1A5F84CC0043F97C /* PeriodicTable.app */ = {isa = PBXFileReference; explicitFileType = wrapper.application; includeInIndex = 0; path = PeriodicTable.app; sourceTree = BUILT_PRODUCTS_DIR; };
		639BDB011A5F84CC0043F97C /* Info.plist */ = {isa = PBXFileReference; lastKnownFileType = text.plist.xml; path = Info.plist; sourceTree = "<group>"; };
		639BDB021A5F84CC0043F97C /* AppDelegate.h */ = {isa = PBXFileReference; lastKnownFileType = sourcecode.c.h; path = AppDelegate.h; sourceTree = "<group>"; };
		639BDB031A5F84CC0043F97C /* AppDelegate.m */ = {isa = PBXFileReference; lastKnownFileType = sourcecode.c.objc; path = AppDelegate.m; sourceTree = "<group>"; };
		639BDB051A5F84CC0043F97C /* main.m */ = {isa = PBXFileReference; lastKnownFileType = sourcecode.c.objc; path = main.m; sourceTree = "<group>"; };
		639BDB071A5F84CC0043F97C /* Images.xcassets */ = {isa = PBXFileReference; lastKnownFileType = folder.assetcatalog; path = Images.xcassets; sourceTree = "<group>"; };
		639BDB0A1A5F84CC0043F97C /* Base */ = {isa = PBXFileReference; lastKnownFileType = file.xib; name = Base; path = Base.lproj/MainMenu.xib; sourceTree = "<group>"; };
		639BDB101A5F84CC0043F97C /* PeriodicTableTests.xctest */ = {isa = PBXFileReference; explicitFileType = wrapper.cfbundle; includeInIndex = 0; path = PeriodicTableTests.xctest; sourceTree = BUILT_PRODUCTS_DIR; };
		639BDB151A5F84CC0043F97C /* Info.plist */ = {isa = PBXFileReference; lastKnownFileType = text.plist.xml; path = Info.plist; sourceTree = "<group>"; };
		639BDB161A5F84CC0043F97C /* PeriodicTableTests.m */ = {isa = PBXFileReference; lastKnownFileType = sourcecode.c.objc; path = PeriodicTableTests.m; sourceTree = "<group>"; };
		63B7060E1A6C41E60008CF30 /* ElementManager.h */ = {isa = PBXFileReference; fileEncoding = 4; lastKnownFileType = sourcecode.c.h; path = ElementManager.h; sourceTree = "<group>"; };
		63B7060F1A6C41E60008CF30 /* ElementManager.m */ = {isa = PBXFileReference; fileEncoding = 4; lastKnownFileType = sourcecode.c.objc; path = ElementManager.m; sourceTree = "<group>"; };
		63B706111A6C42F10008CF30 /* ElementData.plist */ = {isa = PBXFileReference; fileEncoding = 4; lastKnownFileType = text.plist.xml; path = ElementData.plist; sourceTree = "<group>"; };
		63B706131A6C436C0008CF30 /* Constants.h */ = {isa = PBXFileReference; fileEncoding = 4; lastKnownFileType = sourcecode.c.h; path = Constants.h; sourceTree = "<group>"; };
		63B706141A6C436C0008CF30 /* Constants.m */ = {isa = PBXFileReference; fileEncoding = 4; lastKnownFileType = sourcecode.c.objc; path = Constants.m; sourceTree = "<group>"; };
		63B7061E1A6C7A050008CF30 /* YellowBG.png */ = {isa = PBXFileReference; lastKnownFileType = image.png; path = YellowBG.png; sourceTree = "<group>"; };
		63B706211A6CB38A0008CF30 /* ActinideSeries.png */ = {isa = PBXFileReference; lastKnownFileType = image.png; path = ActinideSeries.png; sourceTree = "<group>"; };
		63B706221A6CB38A0008CF30 /* Actinium.png */ = {isa = PBXFileReference; lastKnownFileType = image.png; path = Actinium.png; sourceTree = "<group>"; };
		63B706231A6CB38A0008CF30 /* Aluminum.png */ = {isa = PBXFileReference; lastKnownFileType = image.png; path = Aluminum.png; sourceTree = "<group>"; };
		63B706241A6CB38A0008CF30 /* Americium.png */ = {isa = PBXFileReference; lastKnownFileType = image.png; path = Americium.png; sourceTree = "<group>"; };
		63B706251A6CB38A0008CF30 /* Antimony.png */ = {isa = PBXFileReference; lastKnownFileType = image.png; path = Antimony.png; sourceTree = "<group>"; };
		63B706261A6CB38A0008CF30 /* Argon.png */ = {isa = PBXFileReference; lastKnownFileType = image.png; path = Argon.png; sourceTree = "<group>"; };
		63B706271A6CB38A0008CF30 /* Arsenic.png */ = {isa = PBXFileReference; lastKnownFileType = image.png; path = Arsenic.png; sourceTree = "<group>"; };
		63B706281A6CB38A0008CF30 /* Astatine.png */ = {isa = PBXFileReference; lastKnownFileType = image.png; path = Astatine.png; sourceTree = "<group>"; };
		63B706291A6CB38A0008CF30 /* Barium.png */ = {isa = PBXFileReference; lastKnownFileType = image.png; path = Barium.png; sourceTree = "<group>"; };
		63B7062A1A6CB38A0008CF30 /* Berkelium.png */ = {isa = PBXFileReference; lastKnownFileType = image.png; path = Berkelium.png; sourceTree = "<group>"; };
		63B7062B1A6CB38A0008CF30 /* Beryllium.png */ = {isa = PBXFileReference; lastKnownFileType = image.png; path = Beryllium.png; sourceTree = "<group>"; };
		63B7062C1A6CB38A0008CF30 /* Bismuth.png */ = {isa = PBXFileReference; lastKnownFileType = image.png; path = Bismuth.png; sourceTree = "<group>"; };
		63B7062D1A6CB38A0008CF30 /* Bohrium.png */ = {isa = PBXFileReference; lastKnownFileType = image.png; path = Bohrium.png; sourceTree = "<group>"; };
		63B7062E1A6CB38A0008CF30 /* Boron.png */ = {isa = PBXFileReference; lastKnownFileType = image.png; path = Boron.png; sourceTree = "<group>"; };
		63B7062F1A6CB38A0008CF30 /* Bromine.png */ = {isa = PBXFileReference; lastKnownFileType = image.png; path = Bromine.png; sourceTree = "<group>"; };
		63B706301A6CB38A0008CF30 /* Cadmium.png */ = {isa = PBXFileReference; lastKnownFileType = image.png; path = Cadmium.png; sourceTree = "<group>"; };
		63B706311A6CB38A0008CF30 /* Calcium.png */ = {isa = PBXFileReference; lastKnownFileType = image.png; path = Calcium.png; sourceTree = "<group>"; };
		63B706321A6CB38A0008CF30 /* Californium.png */ = {isa = PBXFileReference; lastKnownFileType = image.png; path = Californium.png; sourceTree = "<group>"; };
		63B706331A6CB38A0008CF30 /* Carbon.png */ = {isa = PBXFileReference; lastKnownFileType = image.png; path = Carbon.png; sourceTree = "<group>"; };
		63B706341A6CB38A0008CF30 /* Cerium.png */ = {isa = PBXFileReference; lastKnownFileType = image.png; path = Cerium.png; sourceTree = "<group>"; };
		63B706351A6CB38A0008CF30 /* Cesium.png */ = {isa = PBXFileReference; lastKnownFileType = image.png; path = Cesium.png; sourceTree = "<group>"; };
		63B706361A6CB38A0008CF30 /* Chlorine.png */ = {isa = PBXFileReference; lastKnownFileType = image.png; path = Chlorine.png; sourceTree = "<group>"; };
		63B706371A6CB38A0008CF30 /* Chromium.png */ = {isa = PBXFileReference; lastKnownFileType = image.png; path = Chromium.png; sourceTree = "<group>"; };
		63B706381A6CB38A0008CF30 /* Cobalt.png */ = {isa = PBXFileReference; lastKnownFileType = image.png; path = Cobalt.png; sourceTree = "<group>"; };
		63B706391A6CB38A0008CF30 /* Copernicium.png */ = {isa = PBXFileReference; lastKnownFileType = image.png; path = Copernicium.png; sourceTree = "<group>"; };
		63B7063A1A6CB38A0008CF30 /* Copper.png */ = {isa = PBXFileReference; lastKnownFileType = image.png; path = Copper.png; sourceTree = "<group>"; };
		63B7063B1A6CB38A0008CF30 /* Curium.png */ = {isa = PBXFileReference; lastKnownFileType = image.png; path = Curium.png; sourceTree = "<group>"; };
		63B7063C1A6CB38A0008CF30 /* Darmstadtium.png */ = {isa = PBXFileReference; lastKnownFileType = image.png; path = Darmstadtium.png; sourceTree = "<group>"; };
		63B7063D1A6CB38A0008CF30 /* Dubnium.png */ = {isa = PBXFileReference; lastKnownFileType = image.png; path = Dubnium.png; sourceTree = "<group>"; };
		63B7063E1A6CB38A0008CF30 /* Dysprosium.png */ = {isa = PBXFileReference; lastKnownFileType = image.png; path = Dysprosium.png; sourceTree = "<group>"; };
		63B7063F1A6CB38A0008CF30 /* Einsteinium.png */ = {isa = PBXFileReference; lastKnownFileType = image.png; path = Einsteinium.png; sourceTree = "<group>"; };
		63B706401A6CB38A0008CF30 /* Erbium.png */ = {isa = PBXFileReference; lastKnownFileType = image.png; path = Erbium.png; sourceTree = "<group>"; };
		63B706411A6CB38A0008CF30 /* Europium.png */ = {isa = PBXFileReference; lastKnownFileType = image.png; path = Europium.png; sourceTree = "<group>"; };
		63B706421A6CB38A0008CF30 /* Fermium.png */ = {isa = PBXFileReference; lastKnownFileType = image.png; path = Fermium.png; sourceTree = "<group>"; };
		63B706431A6CB38A0008CF30 /* Flerovium.png */ = {isa = PBXFileReference; lastKnownFileType = image.png; path = Flerovium.png; sourceTree = "<group>"; };
		63B706441A6CB38A0008CF30 /* Fluorine.png */ = {isa = PBXFileReference; lastKnownFileType = image.png; path = Fluorine.png; sourceTree = "<group>"; };
		63B706451A6CB38A0008CF30 /* Francium.png */ = {isa = PBXFileReference; lastKnownFileType = image.png; path = Francium.png; sourceTree = "<group>"; };
		63B706461A6CB38A0008CF30 /* Gadolinium.png */ = {isa = PBXFileReference; lastKnownFileType = image.png; path = Gadolinium.png; sourceTree = "<group>"; };
		63B706471A6CB38A0008CF30 /* Gallium.png */ = {isa = PBXFileReference; lastKnownFileType = image.png; path = Gallium.png; sourceTree = "<group>"; };
		63B706481A6CB38A0008CF30 /* Germanium.png */ = {isa = PBXFileReference; lastKnownFileType = image.png; path = Germanium.png; sourceTree = "<group>"; };
		63B706491A6CB38A0008CF30 /* Gold.png */ = {isa = PBXFileReference; lastKnownFileType = image.png; path = Gold.png; sourceTree = "<group>"; };
		63B7064A1A6CB38A0008CF30 /* Hafnium.png */ = {isa = PBXFileReference; lastKnownFileType = image.png; path = Hafnium.png; sourceTree = "<group>"; };
		63B7064B1A6CB38A0008CF30 /* Hassium.png */ = {isa = PBXFileReference; lastKnownFileType = image.png; path = Hassium.png; sourceTree = "<group>"; };
		63B7064C1A6CB38A0008CF30 /* Helium.png */ = {isa = PBXFileReference; lastKnownFileType = image.png; path = Helium.png; sourceTree = "<group>"; };
		63B7064D1A6CB38A0008CF30 /* Holmium.png */ = {isa = PBXFileReference; lastKnownFileType = image.png; path = Holmium.png; sourceTree = "<group>"; };
		63B7064E1A6CB38A0008CF30 /* Hydrogen.png */ = {isa = PBXFileReference; lastKnownFileType = image.png; path = Hydrogen.png; sourceTree = "<group>"; };
		63B7064F1A6CB38A0008CF30 /* HydrogenClear.png */ = {isa = PBXFileReference; lastKnownFileType = image.png; path = HydrogenClear.png; sourceTree = "<group>"; };
		63B706501A6CB38A0008CF30 /* HydrogenLarge.png */ = {isa = PBXFileReference; lastKnownFileType = image.png; path = HydrogenLarge.png; sourceTree = "<group>"; };
		63B706511A6CB38A0008CF30 /* Indium.png */ = {isa = PBXFileReference; lastKnownFileType = image.png; path = Indium.png; sourceTree = "<group>"; };
		63B706521A6CB38A0008CF30 /* Iodine.png */ = {isa = PBXFileReference; lastKnownFileType = image.png; path = Iodine.png; sourceTree = "<group>"; };
		63B706531A6CB38A0008CF30 /* Iridium.png */ = {isa = PBXFileReference; lastKnownFileType = image.png; path = Iridium.png; sourceTree = "<group>"; };
		63B706541A6CB38A0008CF30 /* Iron.png */ = {isa = PBXFileReference; lastKnownFileType = image.png; path = Iron.png; sourceTree = "<group>"; };
		63B706551A6CB38A0008CF30 /* Krypton.png */ = {isa = PBXFileReference; lastKnownFileType = image.png; path = Krypton.png; sourceTree = "<group>"; };
		63B706561A6CB38A0008CF30 /* LanthanideSeries.png */ = {isa = PBXFileReference; lastKnownFileType = image.png; path = LanthanideSeries.png; sourceTree = "<group>"; };
		63B706571A6CB38A0008CF30 /* Lanthanum.png */ = {isa = PBXFileReference; lastKnownFileType = image.png; path = Lanthanum.png; sourceTree = "<group>"; };
		63B706581A6CB38A0008CF30 /* Lawrencium.png */ = {isa = PBXFileReference; lastKnownFileType = image.png; path = Lawrencium.png; sourceTree = "<group>"; };
		63B706591A6CB38A0008CF30 /* Lead.png */ = {isa = PBXFileReference; lastKnownFileType = image.png; path = Lead.png; sourceTree = "<group>"; };
		63B7065A1A6CB38A0008CF30 /* Lithium.png */ = {isa = PBXFileReference; lastKnownFileType = image.png; path = Lithium.png; sourceTree = "<group>"; };
		63B7065B1A6CB38A0008CF30 /* Livermorium.png */ = {isa = PBXFileReference; lastKnownFileType = image.png; path = Livermorium.png; sourceTree = "<group>"; };
		63B7065C1A6CB38A0008CF30 /* Lutetium.png */ = {isa = PBXFileReference; lastKnownFileType = image.png; path = Lutetium.png; sourceTree = "<group>"; };
		63B7065D1A6CB38A0008CF30 /* Magnesium.png */ = {isa = PBXFileReference; lastKnownFileType = image.png; path = Magnesium.png; sourceTree = "<group>"; };
		63B7065E1A6CB38A0008CF30 /* Manganese.png */ = {isa = PBXFileReference; lastKnownFileType = image.png; path = Manganese.png; sourceTree = "<group>"; };
		63B7065F1A6CB38A0008CF30 /* Meitnerium.png */ = {isa = PBXFileReference; lastKnownFileType = image.png; path = Meitnerium.png; sourceTree = "<group>"; };
		63B706601A6CB38A0008CF30 /* Mendelevium.png */ = {isa = PBXFileReference; lastKnownFileType = image.png; path = Mendelevium.png; sourceTree = "<group>"; };
		63B706611A6CB38A0008CF30 /* Mercury.png */ = {isa = PBXFileReference; lastKnownFileType = image.png; path = Mercury.png; sourceTree = "<group>"; };
		63B706621A6CB38A0008CF30 /* Molybdenum.png */ = {isa = PBXFileReference; lastKnownFileType = image.png; path = Molybdenum.png; sourceTree = "<group>"; };
		63B706631A6CB38A0008CF30 /* Neodymium.png */ = {isa = PBXFileReference; lastKnownFileType = image.png; path = Neodymium.png; sourceTree = "<group>"; };
		63B706641A6CB38A0008CF30 /* Neon.png */ = {isa = PBXFileReference; lastKnownFileType = image.png; path = Neon.png; sourceTree = "<group>"; };
		63B706651A6CB38A0008CF30 /* Neptunium.png */ = {isa = PBXFileReference; lastKnownFileType = image.png; path = Neptunium.png; sourceTree = "<group>"; };
		63B706661A6CB38A0008CF30 /* Nickel.png */ = {isa = PBXFileReference; lastKnownFileType = image.png; path = Nickel.png; sourceTree = "<group>"; };
		63B706671A6CB38A0008CF30 /* Niobium.png */ = {isa = PBXFileReference; lastKnownFileType = image.png; path = Niobium.png; sourceTree = "<group>"; };
		63B706681A6CB38A0008CF30 /* Nitrogen.png */ = {isa = PBXFileReference; lastKnownFileType = image.png; path = Nitrogen.png; sourceTree = "<group>"; };
		63B706691A6CB38A0008CF30 /* Nobelium.png */ = {isa = PBXFileReference; lastKnownFileType = image.png; path = Nobelium.png; sourceTree = "<group>"; };
		63B7066A1A6CB38A0008CF30 /* Osmium.png */ = {isa = PBXFileReference; lastKnownFileType = image.png; path = Osmium.png; sourceTree = "<group>"; };
		63B7066B1A6CB38A0008CF30 /* Oxygen.png */ = {isa = PBXFileReference; lastKnownFileType = image.png; path = Oxygen.png; sourceTree = "<group>"; };
		63B7066C1A6CB38A0008CF30 /* Palladium.png */ = {isa = PBXFileReference; lastKnownFileType = image.png; path = Palladium.png; sourceTree = "<group>"; };
		63B7066D1A6CB38A0008CF30 /* Phosphorus.png */ = {isa = PBXFileReference; lastKnownFileType = image.png; path = Phosphorus.png; sourceTree = "<group>"; };
		63B7066E1A6CB38A0008CF30 /* Platinum.png */ = {isa = PBXFileReference; lastKnownFileType = image.png; path = Platinum.png; sourceTree = "<group>"; };
		63B7066F1A6CB38A0008CF30 /* Plutonium.png */ = {isa = PBXFileReference; lastKnownFileType = image.png; path = Plutonium.png; sourceTree = "<group>"; };
		63B706701A6CB38A0008CF30 /* Polonium.png */ = {isa = PBXFileReference; lastKnownFileType = image.png; path = Polonium.png; sourceTree = "<group>"; };
		63B706711A6CB38A0008CF30 /* Potassium.png */ = {isa = PBXFileReference; lastKnownFileType = image.png; path = Potassium.png; sourceTree = "<group>"; };
		63B706721A6CB38A0008CF30 /* Praseodymium.png */ = {isa = PBXFileReference; lastKnownFileType = image.png; path = Praseodymium.png; sourceTree = "<group>"; };
		63B706731A6CB38A0008CF30 /* Promethium.png */ = {isa = PBXFileReference; lastKnownFileType = image.png; path = Promethium.png; sourceTree = "<group>"; };
		63B706741A6CB38A0008CF30 /* Protactinium.png */ = {isa = PBXFileReference; lastKnownFileType = image.png; path = Protactinium.png; sourceTree = "<group>"; };
		63B706751A6CB38A0008CF30 /* Radium.png */ = {isa = PBXFileReference; lastKnownFileType = image.png; path = Radium.png; sourceTree = "<group>"; };
		63B706761A6CB38A0008CF30 /* Radon.png */ = {isa = PBXFileReference; lastKnownFileType = image.png; path = Radon.png; sourceTree = "<group>"; };
		63B706771A6CB38A0008CF30 /* Rhenium.png */ = {isa = PBXFileReference; lastKnownFileType = image.png; path = Rhenium.png; sourceTree = "<group>"; };
		63B706781A6CB38A0008CF30 /* Rhodium.png */ = {isa = PBXFileReference; lastKnownFileType = image.png; path = Rhodium.png; sourceTree = "<group>"; };
		63B706791A6CB38A0008CF30 /* Roentgenium.png */ = {isa = PBXFileReference; lastKnownFileType = image.png; path = Roentgenium.png; sourceTree = "<group>"; };
		63B7067A1A6CB38A0008CF30 /* Rubidium.png */ = {isa = PBXFileReference; lastKnownFileType = image.png; path = Rubidium.png; sourceTree = "<group>"; };
		63B7067B1A6CB38A0008CF30 /* Ruthenium.png */ = {isa = PBXFileReference; lastKnownFileType = image.png; path = Ruthenium.png; sourceTree = "<group>"; };
		63B7067C1A6CB38A0008CF30 /* Rutherfordium.png */ = {isa = PBXFileReference; lastKnownFileType = image.png; path = Rutherfordium.png; sourceTree = "<group>"; };
		63B7067D1A6CB38A0008CF30 /* Samarium.png */ = {isa = PBXFileReference; lastKnownFileType = image.png; path = Samarium.png; sourceTree = "<group>"; };
		63B7067E1A6CB38A0008CF30 /* Scandium.png */ = {isa = PBXFileReference; lastKnownFileType = image.png; path = Scandium.png; sourceTree = "<group>"; };
		63B7067F1A6CB38A0008CF30 /* Seaborgium.png */ = {isa = PBXFileReference; lastKnownFileType = image.png; path = Seaborgium.png; sourceTree = "<group>"; };
		63B706801A6CB38A0008CF30 /* Selenium.png */ = {isa = PBXFileReference; lastKnownFileType = image.png; path = Selenium.png; sourceTree = "<group>"; };
		63B706811A6CB38A0008CF30 /* Silicon.png */ = {isa = PBXFileReference; lastKnownFileType = image.png; path = Silicon.png; sourceTree = "<group>"; };
		63B706821A6CB38A0008CF30 /* Silver.png */ = {isa = PBXFileReference; lastKnownFileType = image.png; path = Silver.png; sourceTree = "<group>"; };
		63B706831A6CB38A0008CF30 /* Sodium.png */ = {isa = PBXFileReference; lastKnownFileType = image.png; path = Sodium.png; sourceTree = "<group>"; };
		63B706841A6CB38A0008CF30 /* Strontium.png */ = {isa = PBXFileReference; lastKnownFileType = image.png; path = Strontium.png; sourceTree = "<group>"; };
		63B706851A6CB38A0008CF30 /* Sulfur.png */ = {isa = PBXFileReference; lastKnownFileType = image.png; path = Sulfur.png; sourceTree = "<group>"; };
		63B706861A6CB38A0008CF30 /* Tantalum.png */ = {isa = PBXFileReference; lastKnownFileType = image.png; path = Tantalum.png; sourceTree = "<group>"; };
		63B706871A6CB38A0008CF30 /* Technetium.png */ = {isa = PBXFileReference; lastKnownFileType = image.png; path = Technetium.png; sourceTree = "<group>"; };
		63B706881A6CB38A0008CF30 /* Tellurium.png */ = {isa = PBXFileReference; lastKnownFileType = image.png; path = Tellurium.png; sourceTree = "<group>"; };
		63B706891A6CB38A0008CF30 /* Terbium.png */ = {isa = PBXFileReference; lastKnownFileType = image.png; path = Terbium.png; sourceTree = "<group>"; };
		63B7068A1A6CB38A0008CF30 /* Thallium.png */ = {isa = PBXFileReference; lastKnownFileType = image.png; path = Thallium.png; sourceTree = "<group>"; };
		63B7068B1A6CB38A0008CF30 /* Thorium.png */ = {isa = PBXFileReference; lastKnownFileType = image.png; path = Thorium.png; sourceTree = "<group>"; };
		63B7068C1A6CB38A0008CF30 /* Thulium.png */ = {isa = PBXFileReference; lastKnownFileType = image.png; path = Thulium.png; sourceTree = "<group>"; };
		63B7068D1A6CB38A0008CF30 /* Tin.png */ = {isa = PBXFileReference; lastKnownFileType = image.png; path = Tin.png; sourceTree = "<group>"; };
		63B7068E1A6CB38A0008CF30 /* Titanium.png */ = {isa = PBXFileReference; lastKnownFileType = image.png; path = Titanium.png; sourceTree = "<group>"; };
		63B7068F1A6CB38A0008CF30 /* Tungsten.png */ = {isa = PBXFileReference; lastKnownFileType = image.png; path = Tungsten.png; sourceTree = "<group>"; };
		63B706901A6CB38A0008CF30 /* Ununoctium.png */ = {isa = PBXFileReference; lastKnownFileType = image.png; path = Ununoctium.png; sourceTree = "<group>"; };
		63B706911A6CB38A0008CF30 /* Ununpentium.png */ = {isa = PBXFileReference; lastKnownFileType = image.png; path = Ununpentium.png; sourceTree = "<group>"; };
		63B706921A6CB38A0008CF30 /* Ununseptium.png */ = {isa = PBXFileReference; lastKnownFileType = image.png; path = Ununseptium.png; sourceTree = "<group>"; };
		63B706931A6CB38A0008CF30 /* Ununtrium.png */ = {isa = PBXFileReference; lastKnownFileType = image.png; path = Ununtrium.png; sourceTree = "<group>"; };
		63B706941A6CB38A0008CF30 /* Uranium.png */ = {isa = PBXFileReference; lastKnownFileType = image.png; path = Uranium.png; sourceTree = "<group>"; };
		63B706951A6CB38A0008CF30 /* Vanadium.png */ = {isa = PBXFileReference; lastKnownFileType = image.png; path = Vanadium.png; sourceTree = "<group>"; };
		63B706961A6CB38A0008CF30 /* Xenon.png */ = {isa = PBXFileReference; lastKnownFileType = image.png; path = Xenon.png; sourceTree = "<group>"; };
		63B706971A6CB38A0008CF30 /* YellowBG.png */ = {isa = PBXFileReference; lastKnownFileType = image.png; path = YellowBG.png; sourceTree = "<group>"; };
		63B706981A6CB38A0008CF30 /* Ytterbium.png */ = {isa = PBXFileReference; lastKnownFileType = image.png; path = Ytterbium.png; sourceTree = "<group>"; };
		63B706991A6CB38A0008CF30 /* Yttrium.png */ = {isa = PBXFileReference; lastKnownFileType = image.png; path = Yttrium.png; sourceTree = "<group>"; };
		63B7069A1A6CB38A0008CF30 /* Zinc.png */ = {isa = PBXFileReference; lastKnownFileType = image.png; path = Zinc.png; sourceTree = "<group>"; };
		63B7069B1A6CB38A0008CF30 /* Zirconium.png */ = {isa = PBXFileReference; lastKnownFileType = image.png; path = Zirconium.png; sourceTree = "<group>"; };
/* End PBXFileReference section */

/* Begin PBXFrameworksBuildPhase section */
		639BDAFA1A5F84CC0043F97C /* Frameworks */ = {
			isa = PBXFrameworksBuildPhase;
			buildActionMask = 2147483647;
			files = (
			);
			runOnlyForDeploymentPostprocessing = 0;
		};
		639BDB0D1A5F84CC0043F97C /* Frameworks */ = {
			isa = PBXFrameworksBuildPhase;
			buildActionMask = 2147483647;
			files = (
			);
			runOnlyForDeploymentPostprocessing = 0;
		};
/* End PBXFrameworksBuildPhase section */

/* Begin PBXGroup section */
		639BDAF41A5F84CC0043F97C = {
			isa = PBXGroup;
			children = (
				639BDAFF1A5F84CC0043F97C /* PeriodicTable */,
				639BDB131A5F84CC0043F97C /* PeriodicTableTests */,
				639BDAFE1A5F84CC0043F97C /* Products */,
			);
			sourceTree = "<group>";
		};
		639BDAFE1A5F84CC0043F97C /* Products */ = {
			isa = PBXGroup;
			children = (
				639BDAFD1A5F84CC0043F97C /* PeriodicTable.app */,
				639BDB101A5F84CC0043F97C /* PeriodicTableTests.xctest */,
			);
			name = Products;
			sourceTree = "<group>";
		};
		639BDAFF1A5F84CC0043F97C /* PeriodicTable */ = {
			isa = PBXGroup;
			children = (
				63B706201A6CB38A0008CF30 /* ElementImages */,
				63B706111A6C42F10008CF30 /* ElementData.plist */,
				634A9DC61A5F8788006F41FA /* PeriodicTableWindow.h */,
				634A9DC71A5F8788006F41FA /* PeriodicTableWindow.m */,
				634A9ED41A5F8C56006F41FA /* ElementButton.h */,
				634A9ED51A5F8C56006F41FA /* ElementButton.m */,
				63B7061E1A6C7A050008CF30 /* YellowBG.png */,
				634A9DC81A5F8788006F41FA /* PeriodicTableWindow.xib */,
				63B7060E1A6C41E60008CF30 /* ElementManager.h */,
				63B7060F1A6C41E60008CF30 /* ElementManager.m */,
				639BDB021A5F84CC0043F97C /* AppDelegate.h */,
				639BDB031A5F84CC0043F97C /* AppDelegate.m */,
				639BDB071A5F84CC0043F97C /* Images.xcassets */,
				639BDB091A5F84CC0043F97C /* MainMenu.xib */,
				639BDB001A5F84CC0043F97C /* Supporting Files */,
				63B706131A6C436C0008CF30 /* Constants.h */,
				63B706141A6C436C0008CF30 /* Constants.m */,
			);
			path = PeriodicTable;
			sourceTree = "<group>";
		};
		639BDB001A5F84CC0043F97C /* Supporting Files */ = {
			isa = PBXGroup;
			children = (
				639BDB011A5F84CC0043F97C /* Info.plist */,
				639BDB051A5F84CC0043F97C /* main.m */,
			);
			name = "Supporting Files";
			sourceTree = "<group>";
		};
		639BDB131A5F84CC0043F97C /* PeriodicTableTests */ = {
			isa = PBXGroup;
			children = (
				639BDB161A5F84CC0043F97C /* PeriodicTableTests.m */,
				639BDB141A5F84CC0043F97C /* Supporting Files */,
			);
			path = PeriodicTableTests;
			sourceTree = "<group>";
		};
		639BDB141A5F84CC0043F97C /* Supporting Files */ = {
			isa = PBXGroup;
			children = (
				639BDB151A5F84CC0043F97C /* Info.plist */,
			);
			name = "Supporting Files";
			sourceTree = "<group>";
		};
		63B706201A6CB38A0008CF30 /* ElementImages */ = {
			isa = PBXGroup;
			children = (
				63B706211A6CB38A0008CF30 /* ActinideSeries.png */,
				63B706221A6CB38A0008CF30 /* Actinium.png */,
				63B706231A6CB38A0008CF30 /* Aluminum.png */,
				63B706241A6CB38A0008CF30 /* Americium.png */,
				63B706251A6CB38A0008CF30 /* Antimony.png */,
				63B706261A6CB38A0008CF30 /* Argon.png */,
				63B706271A6CB38A0008CF30 /* Arsenic.png */,
				63B706281A6CB38A0008CF30 /* Astatine.png */,
				63B706291A6CB38A0008CF30 /* Barium.png */,
				63B7062A1A6CB38A0008CF30 /* Berkelium.png */,
				63B7062B1A6CB38A0008CF30 /* Beryllium.png */,
				63B7062C1A6CB38A0008CF30 /* Bismuth.png */,
				63B7062D1A6CB38A0008CF30 /* Bohrium.png */,
				63B7062E1A6CB38A0008CF30 /* Boron.png */,
				63B7062F1A6CB38A0008CF30 /* Bromine.png */,
				63B706301A6CB38A0008CF30 /* Cadmium.png */,
				63B706311A6CB38A0008CF30 /* Calcium.png */,
				63B706321A6CB38A0008CF30 /* Californium.png */,
				63B706331A6CB38A0008CF30 /* Carbon.png */,
				63B706341A6CB38A0008CF30 /* Cerium.png */,
				63B706351A6CB38A0008CF30 /* Cesium.png */,
				63B706361A6CB38A0008CF30 /* Chlorine.png */,
				63B706371A6CB38A0008CF30 /* Chromium.png */,
				63B706381A6CB38A0008CF30 /* Cobalt.png */,
				63B706391A6CB38A0008CF30 /* Copernicium.png */,
				63B7063A1A6CB38A0008CF30 /* Copper.png */,
				63B7063B1A6CB38A0008CF30 /* Curium.png */,
				63B7063C1A6CB38A0008CF30 /* Darmstadtium.png */,
				63B7063D1A6CB38A0008CF30 /* Dubnium.png */,
				63B7063E1A6CB38A0008CF30 /* Dysprosium.png */,
				63B7063F1A6CB38A0008CF30 /* Einsteinium.png */,
				63B706401A6CB38A0008CF30 /* Erbium.png */,
				63B706411A6CB38A0008CF30 /* Europium.png */,
				63B706421A6CB38A0008CF30 /* Fermium.png */,
				63B706431A6CB38A0008CF30 /* Flerovium.png */,
				63B706441A6CB38A0008CF30 /* Fluorine.png */,
				63B706451A6CB38A0008CF30 /* Francium.png */,
				63B706461A6CB38A0008CF30 /* Gadolinium.png */,
				63B706471A6CB38A0008CF30 /* Gallium.png */,
				63B706481A6CB38A0008CF30 /* Germanium.png */,
				63B706491A6CB38A0008CF30 /* Gold.png */,
				63B7064A1A6CB38A0008CF30 /* Hafnium.png */,
				63B7064B1A6CB38A0008CF30 /* Hassium.png */,
				63B7064C1A6CB38A0008CF30 /* Helium.png */,
				63B7064D1A6CB38A0008CF30 /* Holmium.png */,
				63B7064E1A6CB38A0008CF30 /* Hydrogen.png */,
				63B7064F1A6CB38A0008CF30 /* HydrogenClear.png */,
				63B706501A6CB38A0008CF30 /* HydrogenLarge.png */,
				63B706511A6CB38A0008CF30 /* Indium.png */,
				63B706521A6CB38A0008CF30 /* Iodine.png */,
				63B706531A6CB38A0008CF30 /* Iridium.png */,
				63B706541A6CB38A0008CF30 /* Iron.png */,
				63B706551A6CB38A0008CF30 /* Krypton.png */,
				63B706561A6CB38A0008CF30 /* LanthanideSeries.png */,
				63B706571A6CB38A0008CF30 /* Lanthanum.png */,
				63B706581A6CB38A0008CF30 /* Lawrencium.png */,
				63B706591A6CB38A0008CF30 /* Lead.png */,
				63B7065A1A6CB38A0008CF30 /* Lithium.png */,
				63B7065B1A6CB38A0008CF30 /* Livermorium.png */,
				63B7065C1A6CB38A0008CF30 /* Lutetium.png */,
				63B7065D1A6CB38A0008CF30 /* Magnesium.png */,
				63B7065E1A6CB38A0008CF30 /* Manganese.png */,
				63B7065F1A6CB38A0008CF30 /* Meitnerium.png */,
				63B706601A6CB38A0008CF30 /* Mendelevium.png */,
				63B706611A6CB38A0008CF30 /* Mercury.png */,
				63B706621A6CB38A0008CF30 /* Molybdenum.png */,
				63B706631A6CB38A0008CF30 /* Neodymium.png */,
				63B706641A6CB38A0008CF30 /* Neon.png */,
				63B706651A6CB38A0008CF30 /* Neptunium.png */,
				63B706661A6CB38A0008CF30 /* Nickel.png */,
				63B706671A6CB38A0008CF30 /* Niobium.png */,
				63B706681A6CB38A0008CF30 /* Nitrogen.png */,
				63B706691A6CB38A0008CF30 /* Nobelium.png */,
				63B7066A1A6CB38A0008CF30 /* Osmium.png */,
				63B7066B1A6CB38A0008CF30 /* Oxygen.png */,
				63B7066C1A6CB38A0008CF30 /* Palladium.png */,
				63B7066D1A6CB38A0008CF30 /* Phosphorus.png */,
				63B7066E1A6CB38A0008CF30 /* Platinum.png */,
				63B7066F1A6CB38A0008CF30 /* Plutonium.png */,
				63B706701A6CB38A0008CF30 /* Polonium.png */,
				63B706711A6CB38A0008CF30 /* Potassium.png */,
				63B706721A6CB38A0008CF30 /* Praseodymium.png */,
				63B706731A6CB38A0008CF30 /* Promethium.png */,
				63B706741A6CB38A0008CF30 /* Protactinium.png */,
				63B706751A6CB38A0008CF30 /* Radium.png */,
				63B706761A6CB38A0008CF30 /* Radon.png */,
				63B706771A6CB38A0008CF30 /* Rhenium.png */,
				63B706781A6CB38A0008CF30 /* Rhodium.png */,
				63B706791A6CB38A0008CF30 /* Roentgenium.png */,
				63B7067A1A6CB38A0008CF30 /* Rubidium.png */,
				63B7067B1A6CB38A0008CF30 /* Ruthenium.png */,
				63B7067C1A6CB38A0008CF30 /* Rutherfordium.png */,
				63B7067D1A6CB38A0008CF30 /* Samarium.png */,
				63B7067E1A6CB38A0008CF30 /* Scandium.png */,
				63B7067F1A6CB38A0008CF30 /* Seaborgium.png */,
				63B706801A6CB38A0008CF30 /* Selenium.png */,
				63B706811A6CB38A0008CF30 /* Silicon.png */,
				63B706821A6CB38A0008CF30 /* Silver.png */,
				63B706831A6CB38A0008CF30 /* Sodium.png */,
				63B706841A6CB38A0008CF30 /* Strontium.png */,
				63B706851A6CB38A0008CF30 /* Sulfur.png */,
				63B706861A6CB38A0008CF30 /* Tantalum.png */,
				63B706871A6CB38A0008CF30 /* Technetium.png */,
				63B706881A6CB38A0008CF30 /* Tellurium.png */,
				63B706891A6CB38A0008CF30 /* Terbium.png */,
				63B7068A1A6CB38A0008CF30 /* Thallium.png */,
				63B7068B1A6CB38A0008CF30 /* Thorium.png */,
				63B7068C1A6CB38A0008CF30 /* Thulium.png */,
				63B7068D1A6CB38A0008CF30 /* Tin.png */,
				63B7068E1A6CB38A0008CF30 /* Titanium.png */,
				63B7068F1A6CB38A0008CF30 /* Tungsten.png */,
				63B706901A6CB38A0008CF30 /* Ununoctium.png */,
				63B706911A6CB38A0008CF30 /* Ununpentium.png */,
				63B706921A6CB38A0008CF30 /* Ununseptium.png */,
				63B706931A6CB38A0008CF30 /* Ununtrium.png */,
				63B706941A6CB38A0008CF30 /* Uranium.png */,
				63B706951A6CB38A0008CF30 /* Vanadium.png */,
				63B706961A6CB38A0008CF30 /* Xenon.png */,
				63B706971A6CB38A0008CF30 /* YellowBG.png */,
				63B706981A6CB38A0008CF30 /* Ytterbium.png */,
				63B706991A6CB38A0008CF30 /* Yttrium.png */,
				63B7069A1A6CB38A0008CF30 /* Zinc.png */,
				63B7069B1A6CB38A0008CF30 /* Zirconium.png */,
			);
			path = ElementImages;
			sourceTree = "<group>";
		};
/* End PBXGroup section */

/* Begin PBXNativeTarget section */
		639BDAFC1A5F84CC0043F97C /* PeriodicTable */ = {
			isa = PBXNativeTarget;
			buildConfigurationList = 639BDB1A1A5F84CC0043F97C /* Build configuration list for PBXNativeTarget "PeriodicTable" */;
			buildPhases = (
				639BDAF91A5F84CC0043F97C /* Sources */,
				639BDAFA1A5F84CC0043F97C /* Frameworks */,
				639BDAFB1A5F84CC0043F97C /* Resources */,
			);
			buildRules = (
			);
			dependencies = (
			);
			name = PeriodicTable;
			productName = PeriodicTable;
			productReference = 639BDAFD1A5F84CC0043F97C /* PeriodicTable.app */;
			productType = "com.apple.product-type.application";
		};
		639BDB0F1A5F84CC0043F97C /* PeriodicTableTests */ = {
			isa = PBXNativeTarget;
			buildConfigurationList = 639BDB1D1A5F84CC0043F97C /* Build configuration list for PBXNativeTarget "PeriodicTableTests" */;
			buildPhases = (
				639BDB0C1A5F84CC0043F97C /* Sources */,
				639BDB0D1A5F84CC0043F97C /* Frameworks */,
				639BDB0E1A5F84CC0043F97C /* Resources */,
			);
			buildRules = (
			);
			dependencies = (
				639BDB121A5F84CC0043F97C /* PBXTargetDependency */,
			);
			name = PeriodicTableTests;
			productName = PeriodicTableTests;
			productReference = 639BDB101A5F84CC0043F97C /* PeriodicTableTests.xctest */;
			productType = "com.apple.product-type.bundle.unit-test";
		};
/* End PBXNativeTarget section */

/* Begin PBXProject section */
		639BDAF51A5F84CC0043F97C /* Project object */ = {
			isa = PBXProject;
			attributes = {
				LastUpgradeCheck = 0610;
				ORGANIZATIONNAME = SimpleGenius;
				TargetAttributes = {
					639BDAFC1A5F84CC0043F97C = {
						CreatedOnToolsVersion = 6.1.1;
					};
					639BDB0F1A5F84CC0043F97C = {
						CreatedOnToolsVersion = 6.1.1;
						TestTargetID = 639BDAFC1A5F84CC0043F97C;
					};
				};
			};
			buildConfigurationList = 639BDAF81A5F84CC0043F97C /* Build configuration list for PBXProject "PeriodicTable" */;
			compatibilityVersion = "Xcode 3.2";
			developmentRegion = English;
			hasScannedForEncodings = 0;
			knownRegions = (
				en,
				Base,
			);
			mainGroup = 639BDAF41A5F84CC0043F97C;
			productRefGroup = 639BDAFE1A5F84CC0043F97C /* Products */;
			projectDirPath = "";
			projectRoot = "";
			targets = (
				639BDAFC1A5F84CC0043F97C /* PeriodicTable */,
				639BDB0F1A5F84CC0043F97C /* PeriodicTableTests */,
			);
		};
/* End PBXProject section */

/* Begin PBXResourcesBuildPhase section */
		639BDAFB1A5F84CC0043F97C /* Resources */ = {
			isa = PBXResourcesBuildPhase;
			buildActionMask = 2147483647;
			files = (
				63B706D21A6CB38A0008CF30 /* Lanthanum.png in Resources */,
				63B706AC1A6CB38A0008CF30 /* Calcium.png in Resources */,
				63B706BE1A6CB38A0008CF30 /* Flerovium.png in Resources */,
				63B706CD1A6CB38A0008CF30 /* Iodine.png in Resources */,
				63B706DA1A6CB38A0008CF30 /* Meitnerium.png in Resources */,
				63B706C11A6CB38A0008CF30 /* Gadolinium.png in Resources */,
				63B707131A6CB38A0008CF30 /* Ytterbium.png in Resources */,
				63B706CA1A6CB38A0008CF30 /* HydrogenClear.png in Resources */,
				63B7070E1A6CB38A0008CF30 /* Ununtrium.png in Resources */,
				63B706E61A6CB38A0008CF30 /* Oxygen.png in Resources */,
				639BDB081A5F84CC0043F97C /* Images.xcassets in Resources */,
				63B706A41A6CB38A0008CF30 /* Barium.png in Resources */,
				63B706B11A6CB38A0008CF30 /* Chlorine.png in Resources */,
				63B706EE1A6CB38A0008CF30 /* Promethium.png in Resources */,
				63B706B81A6CB38A0008CF30 /* Dubnium.png in Resources */,
				63B706D81A6CB38A0008CF30 /* Magnesium.png in Resources */,
				63B707141A6CB38A0008CF30 /* Yttrium.png in Resources */,
				63B7070D1A6CB38A0008CF30 /* Ununseptium.png in Resources */,
				63B706B41A6CB38A0008CF30 /* Copernicium.png in Resources */,
				63B706A91A6CB38A0008CF30 /* Boron.png in Resources */,
				63B706C81A6CB38A0008CF30 /* Holmium.png in Resources */,
				63B706FF1A6CB38A0008CF30 /* Strontium.png in Resources */,
				63B707121A6CB38A0008CF30 /* YellowBG.png in Resources */,
				63B7070C1A6CB38A0008CF30 /* Ununpentium.png in Resources */,
				63B706BD1A6CB38A0008CF30 /* Fermium.png in Resources */,
				63B706E41A6CB38A0008CF30 /* Nobelium.png in Resources */,
				63B706D01A6CB38A0008CF30 /* Krypton.png in Resources */,
				63B706E71A6CB38A0008CF30 /* Palladium.png in Resources */,
				63B707091A6CB38A0008CF30 /* Titanium.png in Resources */,
				63B7069F1A6CB38A0008CF30 /* Americium.png in Resources */,
				63B706A11A6CB38A0008CF30 /* Argon.png in Resources */,
				63B706A71A6CB38A0008CF30 /* Bismuth.png in Resources */,
				63B706E51A6CB38A0008CF30 /* Osmium.png in Resources */,
				63B706CC1A6CB38A0008CF30 /* Indium.png in Resources */,
				63B706F21A6CB38A0008CF30 /* Rhenium.png in Resources */,
				63B707071A6CB38A0008CF30 /* Thulium.png in Resources */,
				63B706F91A6CB38A0008CF30 /* Scandium.png in Resources */,
				63B706F71A6CB38A0008CF30 /* Rutherfordium.png in Resources */,
				63B706C51A6CB38A0008CF30 /* Hafnium.png in Resources */,
				63B707101A6CB38A0008CF30 /* Vanadium.png in Resources */,
				63B7070F1A6CB38A0008CF30 /* Uranium.png in Resources */,
				63B707021A6CB38A0008CF30 /* Technetium.png in Resources */,
				63B706A31A6CB38A0008CF30 /* Astatine.png in Resources */,
				63B706F41A6CB38A0008CF30 /* Roentgenium.png in Resources */,
				63B706A61A6CB38A0008CF30 /* Beryllium.png in Resources */,
				63B706C41A6CB38A0008CF30 /* Gold.png in Resources */,
				63B706C91A6CB38A0008CF30 /* Hydrogen.png in Resources */,
				63B706F61A6CB38A0008CF30 /* Ruthenium.png in Resources */,
				63B706121A6C42F10008CF30 /* ElementData.plist in Resources */,
				63B706DC1A6CB38A0008CF30 /* Mercury.png in Resources */,
				63B706DF1A6CB38A0008CF30 /* Neon.png in Resources */,
				63B706EF1A6CB38A0008CF30 /* Protactinium.png in Resources */,
				63B706B21A6CB38A0008CF30 /* Chromium.png in Resources */,
				63B706B31A6CB38A0008CF30 /* Cobalt.png in Resources */,
				63B706CE1A6CB38A0008CF30 /* Iridium.png in Resources */,
				63B7070A1A6CB38A0008CF30 /* Tungsten.png in Resources */,
				63B7061F1A6C7A050008CF30 /* YellowBG.png in Resources */,
				63B706D71A6CB38A0008CF30 /* Lutetium.png in Resources */,
				63B706D61A6CB38A0008CF30 /* Livermorium.png in Resources */,
				63B7070B1A6CB38A0008CF30 /* Ununoctium.png in Resources */,
				63B706FE1A6CB38A0008CF30 /* Sodium.png in Resources */,
				63B706C71A6CB38A0008CF30 /* Helium.png in Resources */,
				63B706DD1A6CB38A0008CF30 /* Molybdenum.png in Resources */,
				63B706BA1A6CB38A0008CF30 /* Einsteinium.png in Resources */,
				63B707161A6CB38A0008CF30 /* Zirconium.png in Resources */,
				63B7069C1A6CB38A0008CF30 /* ActinideSeries.png in Resources */,
				63B706E01A6CB38A0008CF30 /* Neptunium.png in Resources */,
				63B706A81A6CB38A0008CF30 /* Bohrium.png in Resources */,
				63B706EC1A6CB38A0008CF30 /* Potassium.png in Resources */,
				63B706B71A6CB38A0008CF30 /* Darmstadtium.png in Resources */,
				63B7069D1A6CB38A0008CF30 /* Actinium.png in Resources */,
				63B706B61A6CB38A0008CF30 /* Curium.png in Resources */,
				63B706E11A6CB38A0008CF30 /* Nickel.png in Resources */,
				63B706F11A6CB38A0008CF30 /* Radon.png in Resources */,
				63B707151A6CB38A0008CF30 /* Zinc.png in Resources */,
				63B707051A6CB38A0008CF30 /* Thallium.png in Resources */,
				63B706A21A6CB38A0008CF30 /* Arsenic.png in Resources */,
				63B706D51A6CB38A0008CF30 /* Lithium.png in Resources */,
				63B706D41A6CB38A0008CF30 /* Lead.png in Resources */,
				63B707041A6CB38A0008CF30 /* Terbium.png in Resources */,
				63B706F51A6CB38A0008CF30 /* Rubidium.png in Resources */,
				63B706BB1A6CB38A0008CF30 /* Erbium.png in Resources */,
				63B706ED1A6CB38A0008CF30 /* Praseodymium.png in Resources */,
				63B706EB1A6CB38A0008CF30 /* Polonium.png in Resources */,
				63B706FD1A6CB38A0008CF30 /* Silver.png in Resources */,
				63B706C01A6CB38A0008CF30 /* Francium.png in Resources */,
				63B706AA1A6CB38A0008CF30 /* Bromine.png in Resources */,
				63B706C21A6CB38A0008CF30 /* Gallium.png in Resources */,
				63B706A51A6CB38A0008CF30 /* Berkelium.png in Resources */,
				63B706BF1A6CB38A0008CF30 /* Fluorine.png in Resources */,
				63B706AD1A6CB38A0008CF30 /* Californium.png in Resources */,
				63B706D11A6CB38A0008CF30 /* LanthanideSeries.png in Resources */,
				63B707011A6CB38A0008CF30 /* Tantalum.png in Resources */,
				63B706B91A6CB38A0008CF30 /* Dysprosium.png in Resources */,
				63B706AE1A6CB38A0008CF30 /* Carbon.png in Resources */,
				634A9DCA1A5F8788006F41FA /* PeriodicTableWindow.xib in Resources */,
				639BDB0B1A5F84CC0043F97C /* MainMenu.xib in Resources */,
				63B706B01A6CB38A0008CF30 /* Cesium.png in Resources */,
				63B706C61A6CB38A0008CF30 /* Hassium.png in Resources */,
				63B706E91A6CB38A0008CF30 /* Platinum.png in Resources */,
				63B706FA1A6CB38A0008CF30 /* Seaborgium.png in Resources */,
				63B706CF1A6CB38A0008CF30 /* Iron.png in Resources */,
				63B706FB1A6CB38A0008CF30 /* Selenium.png in Resources */,
				63B706AF1A6CB38A0008CF30 /* Cerium.png in Resources */,
				63B707111A6CB38A0008CF30 /* Xenon.png in Resources */,
				63B706EA1A6CB38A0008CF30 /* Plutonium.png in Resources */,
				63B706D91A6CB38A0008CF30 /* Manganese.png in Resources */,
				63B706F81A6CB38A0008CF30 /* Samarium.png in Resources */,
				63B707031A6CB38A0008CF30 /* Tellurium.png in Resources */,
				63B706F31A6CB38A0008CF30 /* Rhodium.png in Resources */,
				63B706E31A6CB38A0008CF30 /* Nitrogen.png in Resources */,
				63B706B51A6CB38A0008CF30 /* Copper.png in Resources */,
				63B706D31A6CB38A0008CF30 /* Lawrencium.png in Resources */,
				63B706F01A6CB38A0008CF30 /* Radium.png in Resources */,
				63B706C31A6CB38A0008CF30 /* Germanium.png in Resources */,
				63B706DB1A6CB38A0008CF30 /* Mendelevium.png in Resources */,
				63B706E81A6CB38A0008CF30 /* Phosphorus.png in Resources */,
				63B707061A6CB38A0008CF30 /* Thorium.png in Resources */,
				63B706A01A6CB38A0008CF30 /* Antimony.png in Resources */,
				63B706AB1A6CB38A0008CF30 /* Cadmium.png in Resources */,
				63B7069E1A6CB38A0008CF30 /* Aluminum.png in Resources */,
				63B706CB1A6CB38A0008CF30 /* HydrogenLarge.png in Resources */,
				63B706E21A6CB38A0008CF30 /* Niobium.png in Resources */,
				63B707001A6CB38A0008CF30 /* Sulfur.png in Resources */,
				63B706BC1A6CB38A0008CF30 /* Europium.png in Resources */,
				63B707081A6CB38A0008CF30 /* Tin.png in Resources */,
				63B706DE1A6CB38A0008CF30 /* Neodymium.png in Resources */,
				63B706FC1A6CB38A0008CF30 /* Silicon.png in Resources */,
			);
			runOnlyForDeploymentPostprocessing = 0;
		};
		639BDB0E1A5F84CC0043F97C /* Resources */ = {
			isa = PBXResourcesBuildPhase;
			buildActionMask = 2147483647;
			files = (
			);
			runOnlyForDeploymentPostprocessing = 0;
		};
/* End PBXResourcesBuildPhase section */

/* Begin PBXSourcesBuildPhase section */
		639BDAF91A5F84CC0043F97C /* Sources */ = {
			isa = PBXSourcesBuildPhase;
			buildActionMask = 2147483647;
			files = (
				634A9ED61A5F8C56006F41FA /* ElementButton.m in Sources */,
				63B706101A6C41E60008CF30 /* ElementManager.m in Sources */,
				634A9DC91A5F8788006F41FA /* PeriodicTableWindow.m in Sources */,
				639BDB061A5F84CC0043F97C /* main.m in Sources */,
				639BDB041A5F84CC0043F97C /* AppDelegate.m in Sources */,
				63B706151A6C436C0008CF30 /* Constants.m in Sources */,
			);
			runOnlyForDeploymentPostprocessing = 0;
		};
		639BDB0C1A5F84CC0043F97C /* Sources */ = {
			isa = PBXSourcesBuildPhase;
			buildActionMask = 2147483647;
			files = (
				639BDB171A5F84CC0043F97C /* PeriodicTableTests.m in Sources */,
			);
			runOnlyForDeploymentPostprocessing = 0;
		};
/* End PBXSourcesBuildPhase section */

/* Begin PBXTargetDependency section */
		639BDB121A5F84CC0043F97C /* PBXTargetDependency */ = {
			isa = PBXTargetDependency;
			target = 639BDAFC1A5F84CC0043F97C /* PeriodicTable */;
			targetProxy = 639BDB111A5F84CC0043F97C /* PBXContainerItemProxy */;
		};
/* End PBXTargetDependency section */

/* Begin PBXVariantGroup section */
		639BDB091A5F84CC0043F97C /* MainMenu.xib */ = {
			isa = PBXVariantGroup;
			children = (
				639BDB0A1A5F84CC0043F97C /* Base */,
			);
			name = MainMenu.xib;
			sourceTree = "<group>";
		};
/* End PBXVariantGroup section */

/* Begin XCBuildConfiguration section */
		639BDB181A5F84CC0043F97C /* Debug */ = {
			isa = XCBuildConfiguration;
			buildSettings = {
				ALWAYS_SEARCH_USER_PATHS = NO;
				CLANG_CXX_LANGUAGE_STANDARD = "gnu++0x";
				CLANG_CXX_LIBRARY = "libc++";
				CLANG_ENABLE_MODULES = YES;
				CLANG_ENABLE_OBJC_ARC = YES;
				CLANG_WARN_BOOL_CONVERSION = YES;
				CLANG_WARN_CONSTANT_CONVERSION = YES;
				CLANG_WARN_DIRECT_OBJC_ISA_USAGE = YES_ERROR;
				CLANG_WARN_EMPTY_BODY = YES;
				CLANG_WARN_ENUM_CONVERSION = YES;
				CLANG_WARN_INT_CONVERSION = YES;
				CLANG_WARN_OBJC_ROOT_CLASS = YES_ERROR;
				CLANG_WARN_UNREACHABLE_CODE = YES;
				CLANG_WARN__DUPLICATE_METHOD_MATCH = YES;
				CODE_SIGN_IDENTITY = "-";
				COPY_PHASE_STRIP = NO;
				ENABLE_STRICT_OBJC_MSGSEND = YES;
				GCC_C_LANGUAGE_STANDARD = gnu99;
				GCC_DYNAMIC_NO_PIC = NO;
				GCC_OPTIMIZATION_LEVEL = 0;
				GCC_PREPROCESSOR_DEFINITIONS = (
					"DEBUG=1",
					"$(inherited)",
				);
				GCC_SYMBOLS_PRIVATE_EXTERN = NO;
				GCC_WARN_64_TO_32_BIT_CONVERSION = YES;
				GCC_WARN_ABOUT_RETURN_TYPE = YES_ERROR;
				GCC_WARN_UNDECLARED_SELECTOR = YES;
				GCC_WARN_UNINITIALIZED_AUTOS = YES_AGGRESSIVE;
				GCC_WARN_UNUSED_FUNCTION = YES;
				GCC_WARN_UNUSED_VARIABLE = YES;
				MACOSX_DEPLOYMENT_TARGET = 10.10;
				MTL_ENABLE_DEBUG_INFO = YES;
				ONLY_ACTIVE_ARCH = YES;
				SDKROOT = macosx;
			};
			name = Debug;
		};
		639BDB191A5F84CC0043F97C /* Release */ = {
			isa = XCBuildConfiguration;
			buildSettings = {
				ALWAYS_SEARCH_USER_PATHS = NO;
				CLANG_CXX_LANGUAGE_STANDARD = "gnu++0x";
				CLANG_CXX_LIBRARY = "libc++";
				CLANG_ENABLE_MODULES = YES;
				CLANG_ENABLE_OBJC_ARC = YES;
				CLANG_WARN_BOOL_CONVERSION = YES;
				CLANG_WARN_CONSTANT_CONVERSION = YES;
				CLANG_WARN_DIRECT_OBJC_ISA_USAGE = YES_ERROR;
				CLANG_WARN_EMPTY_BODY = YES;
				CLANG_WARN_ENUM_CONVERSION = YES;
				CLANG_WARN_INT_CONVERSION = YES;
				CLANG_WARN_OBJC_ROOT_CLASS = YES_ERROR;
				CLANG_WARN_UNREACHABLE_CODE = YES;
				CLANG_WARN__DUPLICATE_METHOD_MATCH = YES;
				CODE_SIGN_IDENTITY = "-";
				COPY_PHASE_STRIP = YES;
				DEBUG_INFORMATION_FORMAT = "dwarf-with-dsym";
				ENABLE_NS_ASSERTIONS = NO;
				ENABLE_STRICT_OBJC_MSGSEND = YES;
				GCC_C_LANGUAGE_STANDARD = gnu99;
				GCC_WARN_64_TO_32_BIT_CONVERSION = YES;
				GCC_WARN_ABOUT_RETURN_TYPE = YES_ERROR;
				GCC_WARN_UNDECLARED_SELECTOR = YES;
				GCC_WARN_UNINITIALIZED_AUTOS = YES_AGGRESSIVE;
				GCC_WARN_UNUSED_FUNCTION = YES;
				GCC_WARN_UNUSED_VARIABLE = YES;
				MACOSX_DEPLOYMENT_TARGET = 10.10;
				MTL_ENABLE_DEBUG_INFO = NO;
				SDKROOT = macosx;
			};
			name = Release;
		};
		639BDB1B1A5F84CC0043F97C /* Debug */ = {
			isa = XCBuildConfiguration;
			buildSettings = {
				ASSETCATALOG_COMPILER_APPICON_NAME = AppIcon;
				COMBINE_HIDPI_IMAGES = YES;
				INFOPLIST_FILE = PeriodicTable/Info.plist;
				LD_RUNPATH_SEARCH_PATHS = "$(inherited) @executable_path/../Frameworks";
				PRODUCT_NAME = "$(TARGET_NAME)";
			};
			name = Debug;
		};
		639BDB1C1A5F84CC0043F97C /* Release */ = {
			isa = XCBuildConfiguration;
			buildSettings = {
				ASSETCATALOG_COMPILER_APPICON_NAME = AppIcon;
				COMBINE_HIDPI_IMAGES = YES;
				INFOPLIST_FILE = PeriodicTable/Info.plist;
				LD_RUNPATH_SEARCH_PATHS = "$(inherited) @executable_path/../Frameworks";
				PRODUCT_NAME = "$(TARGET_NAME)";
			};
			name = Release;
		};
		639BDB1E1A5F84CC0043F97C /* Debug */ = {
			isa = XCBuildConfiguration;
			buildSettings = {
				BUNDLE_LOADER = "$(TEST_HOST)";
				COMBINE_HIDPI_IMAGES = YES;
				FRAMEWORK_SEARCH_PATHS = (
					"$(DEVELOPER_FRAMEWORKS_DIR)",
					"$(inherited)",
				);
				GCC_PREPROCESSOR_DEFINITIONS = (
					"DEBUG=1",
					"$(inherited)",
				);
				INFOPLIST_FILE = PeriodicTableTests/Info.plist;
				LD_RUNPATH_SEARCH_PATHS = "$(inherited) @executable_path/../Frameworks @loader_path/../Frameworks";
				PRODUCT_NAME = "$(TARGET_NAME)";
				TEST_HOST = "$(BUILT_PRODUCTS_DIR)/PeriodicTable.app/Contents/MacOS/PeriodicTable";
			};
			name = Debug;
		};
		639BDB1F1A5F84CC0043F97C /* Release */ = {
			isa = XCBuildConfiguration;
			buildSettings = {
				BUNDLE_LOADER = "$(TEST_HOST)";
				COMBINE_HIDPI_IMAGES = YES;
				FRAMEWORK_SEARCH_PATHS = (
					"$(DEVELOPER_FRAMEWORKS_DIR)",
					"$(inherited)",
				);
				INFOPLIST_FILE = PeriodicTableTests/Info.plist;
				LD_RUNPATH_SEARCH_PATHS = "$(inherited) @executable_path/../Frameworks @loader_path/../Frameworks";
				PRODUCT_NAME = "$(TARGET_NAME)";
				TEST_HOST = "$(BUILT_PRODUCTS_DIR)/PeriodicTable.app/Contents/MacOS/PeriodicTable";
			};
			name = Release;
		};
/* End XCBuildConfiguration section */

/* Begin XCConfigurationList section */
		639BDAF81A5F84CC0043F97C /* Build configuration list for PBXProject "PeriodicTable" */ = {
			isa = XCConfigurationList;
			buildConfigurations = (
				639BDB181A5F84CC0043F97C /* Debug */,
				639BDB191A5F84CC0043F97C /* Release */,
			);
			defaultConfigurationIsVisible = 0;
			defaultConfigurationName = Release;
		};
		639BDB1A1A5F84CC0043F97C /* Build configuration list for PBXNativeTarget "PeriodicTable" */ = {
			isa = XCConfigurationList;
			buildConfigurations = (
				639BDB1B1A5F84CC0043F97C /* Debug */,
				639BDB1C1A5F84CC0043F97C /* Release */,
			);
			defaultConfigurationIsVisible = 0;
			defaultConfigurationName = Release;
		};
		639BDB1D1A5F84CC0043F97C /* Build configuration list for PBXNativeTarget "PeriodicTableTests" */ = {
			isa = XCConfigurationList;
			buildConfigurations = (
				639BDB1E1A5F84CC0043F97C /* Debug */,
				639BDB1F1A5F84CC0043F97C /* Release */,
			);
			defaultConfigurationIsVisible = 0;
			defaultConfigurationName = Release;
		};
/* End XCConfigurationList section */
	};
	rootObject = 639BDAF51A5F84CC0043F97C /* Project object */;
}
