// !$*UTF8*$!
{
	archiveVersion = 1;
	classes = {
	};
	objectVersion = 46;
	objects = {

/* Begin PBXBuildFile section */
		634A9DC91A5F8788006F41FA /* PeriodicTableWindow.m in Sources */ = {isa = PBXBuildFile; fileRef = 634A9DC71A5F8788006F41FA /* PeriodicTableWindow.m */; };
		634A9DCA1A5F8788006F41FA /* PeriodicTableWindow.xib in Resources */ = {isa = PBXBuildFile; fileRef = 634A9DC81A5F8788006F41FA /* PeriodicTableWindow.xib */; };
		634A9ED61A5F8C56006F41FA /* ElementButton.m in Sources */ = {isa = PBXBuildFile; fileRef = 634A9ED51A5F8C56006F41FA /* ElementButton.m */; };
		63507F7A1AAE9554001E298F /* Xenon.png in Resources */ = {isa = PBXBuildFile; fileRef = 63507F791AAE9554001E298F /* Xenon.png */; };
		63507F7C1AAE96B9001E298F /* Chlorine.png in Resources */ = {isa = PBXBuildFile; fileRef = 63507F7B1AAE96B9001E298F /* Chlorine.png */; };
		63507F8C1AAE9CDB001E298F /* icon_16x16.png in Resources */ = {isa = PBXBuildFile; fileRef = 63507F821AAE9CDB001E298F /* icon_16x16.png */; };
		63507F8D1AAE9CDB001E298F /* icon_16x16@2x.png in Resources */ = {isa = PBXBuildFile; fileRef = 63507F831AAE9CDB001E298F /* icon_16x16@2x.png */; };
		63507F8E1AAE9CDB001E298F /* icon_128x128.png in Resources */ = {isa = PBXBuildFile; fileRef = 63507F841AAE9CDB001E298F /* icon_128x128.png */; };
		63507F8F1AAE9CDB001E298F /* icon_128x128@2x-.png in Resources */ = {isa = PBXBuildFile; fileRef = 63507F851AAE9CDB001E298F /* icon_128x128@2x-.png */; };
		63507F901AAE9CDB001E298F /* icon_256x256.png in Resources */ = {isa = PBXBuildFile; fileRef = 63507F861AAE9CDB001E298F /* icon_256x256.png */; };
		63507F911AAE9CDB001E298F /* icon_256x256@2x.png in Resources */ = {isa = PBXBuildFile; fileRef = 63507F871AAE9CDB001E298F /* icon_256x256@2x.png */; };
		63507F921AAE9CDB001E298F /* icon_32x32.png in Resources */ = {isa = PBXBuildFile; fileRef = 63507F881AAE9CDB001E298F /* icon_32x32.png */; };
		63507F931AAE9CDB001E298F /* icon_32x32@2x.png in Resources */ = {isa = PBXBuildFile; fileRef = 63507F891AAE9CDB001E298F /* icon_32x32@2x.png */; };
		63507F941AAE9CDB001E298F /* icon_512x512.png in Resources */ = {isa = PBXBuildFile; fileRef = 63507F8A1AAE9CDB001E298F /* icon_512x512.png */; };
		63507F951AAE9CDB001E298F /* icon_512x512@2x-.png in Resources */ = {isa = PBXBuildFile; fileRef = 63507F8B1AAE9CDB001E298F /* icon_512x512@2x-.png */; };
		639BDB041A5F84CC0043F97C /* AppDelegate.m in Sources */ = {isa = PBXBuildFile; fileRef = 639BDB031A5F84CC0043F97C /* AppDelegate.m */; };
		639BDB061A5F84CC0043F97C /* main.m in Sources */ = {isa = PBXBuildFile; fileRef = 639BDB051A5F84CC0043F97C /* main.m */; };
		639BDB081A5F84CC0043F97C /* Images.xcassets in Resources */ = {isa = PBXBuildFile; fileRef = 639BDB071A5F84CC0043F97C /* Images.xcassets */; };
		639BDB0B1A5F84CC0043F97C /* MainMenu.xib in Resources */ = {isa = PBXBuildFile; fileRef = 639BDB091A5F84CC0043F97C /* MainMenu.xib */; };
		639BDB171A5F84CC0043F97C /* PeriodicTableTests.m in Sources */ = {isa = PBXBuildFile; fileRef = 639BDB161A5F84CC0043F97C /* PeriodicTableTests.m */; };
		63B706101A6C41E60008CF30 /* ElementManager.m in Sources */ = {isa = PBXBuildFile; fileRef = 63B7060F1A6C41E60008CF30 /* ElementManager.m */; };
		63B706121A6C42F10008CF30 /* ElementData.plist in Resources */ = {isa = PBXBuildFile; fileRef = 63B706111A6C42F10008CF30 /* ElementData.plist */; };
		63B706151A6C436C0008CF30 /* Constants.m in Sources */ = {isa = PBXBuildFile; fileRef = 63B706141A6C436C0008CF30 /* Constants.m */; };
		63F82CB81A6DCF560063F7E9 /* ActinideSeries.png in Resources */ = {isa = PBXBuildFile; fileRef = 63F82C331A6DCF560063F7E9 /* ActinideSeries.png */; };
		63F82CB91A6DCF560063F7E9 /* ActinideSeriesBanner.png in Resources */ = {isa = PBXBuildFile; fileRef = 63F82C341A6DCF560063F7E9 /* ActinideSeriesBanner.png */; };
		63F82CBA1A6DCF560063F7E9 /* Actinium.png in Resources */ = {isa = PBXBuildFile; fileRef = 63F82C351A6DCF560063F7E9 /* Actinium.png */; };
		63F82CBB1A6DCF560063F7E9 /* AlkaliMetalsBanner.png in Resources */ = {isa = PBXBuildFile; fileRef = 63F82C361A6DCF560063F7E9 /* AlkaliMetalsBanner.png */; };
		63F82CBC1A6DCF560063F7E9 /* AlkalineEarthMetalsBanner.png in Resources */ = {isa = PBXBuildFile; fileRef = 63F82C371A6DCF560063F7E9 /* AlkalineEarthMetalsBanner.png */; };
		63F82CBD1A6DCF560063F7E9 /* Aluminum.png in Resources */ = {isa = PBXBuildFile; fileRef = 63F82C381A6DCF560063F7E9 /* Aluminum.png */; };
		63F82CBE1A6DCF560063F7E9 /* Americium.png in Resources */ = {isa = PBXBuildFile; fileRef = 63F82C391A6DCF560063F7E9 /* Americium.png */; };
		63F82CBF1A6DCF560063F7E9 /* Antimony.png in Resources */ = {isa = PBXBuildFile; fileRef = 63F82C3A1A6DCF560063F7E9 /* Antimony.png */; };
		63F82CC01A6DCF560063F7E9 /* Argon.png in Resources */ = {isa = PBXBuildFile; fileRef = 63F82C3B1A6DCF560063F7E9 /* Argon.png */; };
		63F82CC11A6DCF560063F7E9 /* Arsenic.png in Resources */ = {isa = PBXBuildFile; fileRef = 63F82C3C1A6DCF560063F7E9 /* Arsenic.png */; };
		63F82CC21A6DCF560063F7E9 /* Astatine.png in Resources */ = {isa = PBXBuildFile; fileRef = 63F82C3D1A6DCF560063F7E9 /* Astatine.png */; };
		63F82CC31A6DCF560063F7E9 /* Barium.png in Resources */ = {isa = PBXBuildFile; fileRef = 63F82C3E1A6DCF560063F7E9 /* Barium.png */; };
		63F82CC41A6DCF560063F7E9 /* Berkelium.png in Resources */ = {isa = PBXBuildFile; fileRef = 63F82C3F1A6DCF560063F7E9 /* Berkelium.png */; };
		63F82CC51A6DCF560063F7E9 /* Beryllium.png in Resources */ = {isa = PBXBuildFile; fileRef = 63F82C401A6DCF560063F7E9 /* Beryllium.png */; };
		63F82CC61A6DCF560063F7E9 /* Bismuth.png in Resources */ = {isa = PBXBuildFile; fileRef = 63F82C411A6DCF560063F7E9 /* Bismuth.png */; };
		63F82CC71A6DCF560063F7E9 /* Bohrium.png in Resources */ = {isa = PBXBuildFile; fileRef = 63F82C421A6DCF560063F7E9 /* Bohrium.png */; };
		63F82CC81A6DCF560063F7E9 /* Boron.png in Resources */ = {isa = PBXBuildFile; fileRef = 63F82C431A6DCF560063F7E9 /* Boron.png */; };
		63F82CC91A6DCF560063F7E9 /* Bromine.png in Resources */ = {isa = PBXBuildFile; fileRef = 63F82C441A6DCF560063F7E9 /* Bromine.png */; };
		63F82CCA1A6DCF560063F7E9 /* Cadmium.png in Resources */ = {isa = PBXBuildFile; fileRef = 63F82C451A6DCF560063F7E9 /* Cadmium.png */; };
		63F82CCB1A6DCF560063F7E9 /* Calcium.png in Resources */ = {isa = PBXBuildFile; fileRef = 63F82C461A6DCF560063F7E9 /* Calcium.png */; };
		63F82CCC1A6DCF560063F7E9 /* Californium.png in Resources */ = {isa = PBXBuildFile; fileRef = 63F82C471A6DCF560063F7E9 /* Californium.png */; };
		63F82CCD1A6DCF560063F7E9 /* Carbon.png in Resources */ = {isa = PBXBuildFile; fileRef = 63F82C481A6DCF560063F7E9 /* Carbon.png */; };
		63F82CCE1A6DCF560063F7E9 /* Cerium.png in Resources */ = {isa = PBXBuildFile; fileRef = 63F82C491A6DCF560063F7E9 /* Cerium.png */; };
		63F82CCF1A6DCF560063F7E9 /* Cesium.png in Resources */ = {isa = PBXBuildFile; fileRef = 63F82C4A1A6DCF560063F7E9 /* Cesium.png */; };
		63F82CD11A6DCF560063F7E9 /* Chromium.png in Resources */ = {isa = PBXBuildFile; fileRef = 63F82C4C1A6DCF560063F7E9 /* Chromium.png */; };
		63F82CD21A6DCF560063F7E9 /* Cobalt.png in Resources */ = {isa = PBXBuildFile; fileRef = 63F82C4D1A6DCF560063F7E9 /* Cobalt.png */; };
		63F82CD31A6DCF560063F7E9 /* Copernicium.png in Resources */ = {isa = PBXBuildFile; fileRef = 63F82C4E1A6DCF560063F7E9 /* Copernicium.png */; };
		63F82CD41A6DCF560063F7E9 /* Copper.png in Resources */ = {isa = PBXBuildFile; fileRef = 63F82C4F1A6DCF560063F7E9 /* Copper.png */; };
		63F82CD51A6DCF560063F7E9 /* Curium.png in Resources */ = {isa = PBXBuildFile; fileRef = 63F82C501A6DCF560063F7E9 /* Curium.png */; };
		63F82CD61A6DCF560063F7E9 /* Darmstadtium.png in Resources */ = {isa = PBXBuildFile; fileRef = 63F82C511A6DCF560063F7E9 /* Darmstadtium.png */; };
		63F82CD71A6DCF560063F7E9 /* Dubnium.png in Resources */ = {isa = PBXBuildFile; fileRef = 63F82C521A6DCF560063F7E9 /* Dubnium.png */; };
		63F82CD81A6DCF560063F7E9 /* Dysprosium.png in Resources */ = {isa = PBXBuildFile; fileRef = 63F82C531A6DCF560063F7E9 /* Dysprosium.png */; };
		63F82CD91A6DCF560063F7E9 /* Einsteinium.png in Resources */ = {isa = PBXBuildFile; fileRef = 63F82C541A6DCF560063F7E9 /* Einsteinium.png */; };
		63F82CDA1A6DCF560063F7E9 /* Erbium.png in Resources */ = {isa = PBXBuildFile; fileRef = 63F82C551A6DCF560063F7E9 /* Erbium.png */; };
		63F82CDB1A6DCF560063F7E9 /* Europium.png in Resources */ = {isa = PBXBuildFile; fileRef = 63F82C561A6DCF560063F7E9 /* Europium.png */; };
		63F82CDC1A6DCF560063F7E9 /* Fermium.png in Resources */ = {isa = PBXBuildFile; fileRef = 63F82C571A6DCF560063F7E9 /* Fermium.png */; };
		63F82CDD1A6DCF560063F7E9 /* Flerovium.png in Resources */ = {isa = PBXBuildFile; fileRef = 63F82C581A6DCF560063F7E9 /* Flerovium.png */; };
		63F82CDE1A6DCF560063F7E9 /* Fluorine.png in Resources */ = {isa = PBXBuildFile; fileRef = 63F82C591A6DCF560063F7E9 /* Fluorine.png */; };
		63F82CDF1A6DCF560063F7E9 /* Francium.png in Resources */ = {isa = PBXBuildFile; fileRef = 63F82C5A1A6DCF560063F7E9 /* Francium.png */; };
		63F82CE01A6DCF560063F7E9 /* Gadolinium.png in Resources */ = {isa = PBXBuildFile; fileRef = 63F82C5B1A6DCF560063F7E9 /* Gadolinium.png */; };
		63F82CE11A6DCF560063F7E9 /* Gallium.png in Resources */ = {isa = PBXBuildFile; fileRef = 63F82C5C1A6DCF560063F7E9 /* Gallium.png */; };
		63F82CE21A6DCF560063F7E9 /* Germanium.png in Resources */ = {isa = PBXBuildFile; fileRef = 63F82C5D1A6DCF560063F7E9 /* Germanium.png */; };
		63F82CE31A6DCF560063F7E9 /* Gold.png in Resources */ = {isa = PBXBuildFile; fileRef = 63F82C5E1A6DCF560063F7E9 /* Gold.png */; };
		63F82CE41A6DCF560063F7E9 /* Hafnium.png in Resources */ = {isa = PBXBuildFile; fileRef = 63F82C5F1A6DCF560063F7E9 /* Hafnium.png */; };
		63F82CE51A6DCF560063F7E9 /* HalogensBanner.png in Resources */ = {isa = PBXBuildFile; fileRef = 63F82C601A6DCF560063F7E9 /* HalogensBanner.png */; };
		63F82CE61A6DCF560063F7E9 /* Hassium.png in Resources */ = {isa = PBXBuildFile; fileRef = 63F82C611A6DCF560063F7E9 /* Hassium.png */; };
		63F82CE71A6DCF560063F7E9 /* Helium.png in Resources */ = {isa = PBXBuildFile; fileRef = 63F82C621A6DCF560063F7E9 /* Helium.png */; };
		63F82CE81A6DCF560063F7E9 /* Holmium.png in Resources */ = {isa = PBXBuildFile; fileRef = 63F82C631A6DCF560063F7E9 /* Holmium.png */; };
		63F82CE91A6DCF560063F7E9 /* Hydrogen.png in Resources */ = {isa = PBXBuildFile; fileRef = 63F82C641A6DCF560063F7E9 /* Hydrogen.png */; };
		63F82CEA1A6DCF560063F7E9 /* HydrogenClear.png in Resources */ = {isa = PBXBuildFile; fileRef = 63F82C651A6DCF560063F7E9 /* HydrogenClear.png */; };
		63F82CEB1A6DCF560063F7E9 /* HydrogenLarge.png in Resources */ = {isa = PBXBuildFile; fileRef = 63F82C661A6DCF560063F7E9 /* HydrogenLarge.png */; };
		63F82CEC1A6DCF560063F7E9 /* Indium.png in Resources */ = {isa = PBXBuildFile; fileRef = 63F82C671A6DCF560063F7E9 /* Indium.png */; };
		63F82CED1A6DCF560063F7E9 /* Iodine.png in Resources */ = {isa = PBXBuildFile; fileRef = 63F82C681A6DCF560063F7E9 /* Iodine.png */; };
		63F82CEE1A6DCF560063F7E9 /* Iridium.png in Resources */ = {isa = PBXBuildFile; fileRef = 63F82C691A6DCF560063F7E9 /* Iridium.png */; };
		63F82CEF1A6DCF560063F7E9 /* Iron.png in Resources */ = {isa = PBXBuildFile; fileRef = 63F82C6A1A6DCF560063F7E9 /* Iron.png */; };
		63F82CF01A6DCF560063F7E9 /* Krypton.png in Resources */ = {isa = PBXBuildFile; fileRef = 63F82C6B1A6DCF560063F7E9 /* Krypton.png */; };
		63F82CF11A6DCF560063F7E9 /* LanthanideSeries.png in Resources */ = {isa = PBXBuildFile; fileRef = 63F82C6C1A6DCF560063F7E9 /* LanthanideSeries.png */; };
		63F82CF21A6DCF560063F7E9 /* LanthanideSeriesBanner.png in Resources */ = {isa = PBXBuildFile; fileRef = 63F82C6D1A6DCF560063F7E9 /* LanthanideSeriesBanner.png */; };
		63F82CF31A6DCF560063F7E9 /* Lanthanum.png in Resources */ = {isa = PBXBuildFile; fileRef = 63F82C6E1A6DCF560063F7E9 /* Lanthanum.png */; };
		63F82CF41A6DCF560063F7E9 /* Lawrencium.png in Resources */ = {isa = PBXBuildFile; fileRef = 63F82C6F1A6DCF560063F7E9 /* Lawrencium.png */; };
		63F82CF51A6DCF560063F7E9 /* Lead.png in Resources */ = {isa = PBXBuildFile; fileRef = 63F82C701A6DCF560063F7E9 /* Lead.png */; };
		63F82CF61A6DCF560063F7E9 /* Lithium.png in Resources */ = {isa = PBXBuildFile; fileRef = 63F82C711A6DCF560063F7E9 /* Lithium.png */; };
		63F82CF71A6DCF560063F7E9 /* Livermorium.png in Resources */ = {isa = PBXBuildFile; fileRef = 63F82C721A6DCF560063F7E9 /* Livermorium.png */; };
		63F82CF81A6DCF560063F7E9 /* Lutetium.png in Resources */ = {isa = PBXBuildFile; fileRef = 63F82C731A6DCF560063F7E9 /* Lutetium.png */; };
		63F82CF91A6DCF560063F7E9 /* Magnesium.png in Resources */ = {isa = PBXBuildFile; fileRef = 63F82C741A6DCF560063F7E9 /* Magnesium.png */; };
		63F82CFA1A6DCF560063F7E9 /* Manganese.png in Resources */ = {isa = PBXBuildFile; fileRef = 63F82C751A6DCF560063F7E9 /* Manganese.png */; };
		63F82CFB1A6DCF560063F7E9 /* Meitnerium.png in Resources */ = {isa = PBXBuildFile; fileRef = 63F82C761A6DCF560063F7E9 /* Meitnerium.png */; };
		63F82CFC1A6DCF560063F7E9 /* Mendelevium.png in Resources */ = {isa = PBXBuildFile; fileRef = 63F82C771A6DCF560063F7E9 /* Mendelevium.png */; };
		63F82CFD1A6DCF560063F7E9 /* Mercury.png in Resources */ = {isa = PBXBuildFile; fileRef = 63F82C781A6DCF560063F7E9 /* Mercury.png */; };
		63F82CFE1A6DCF560063F7E9 /* MetalloidsBanner.png in Resources */ = {isa = PBXBuildFile; fileRef = 63F82C791A6DCF560063F7E9 /* MetalloidsBanner.png */; };
		63F82CFF1A6DCF560063F7E9 /* Molybdenum.png in Resources */ = {isa = PBXBuildFile; fileRef = 63F82C7A1A6DCF560063F7E9 /* Molybdenum.png */; };
		63F82D001A6DCF560063F7E9 /* Neodymium.png in Resources */ = {isa = PBXBuildFile; fileRef = 63F82C7B1A6DCF560063F7E9 /* Neodymium.png */; };
		63F82D011A6DCF560063F7E9 /* Neon.png in Resources */ = {isa = PBXBuildFile; fileRef = 63F82C7C1A6DCF560063F7E9 /* Neon.png */; };
		63F82D021A6DCF560063F7E9 /* Neptunium.png in Resources */ = {isa = PBXBuildFile; fileRef = 63F82C7D1A6DCF560063F7E9 /* Neptunium.png */; };
		63F82D031A6DCF560063F7E9 /* Nickel.png in Resources */ = {isa = PBXBuildFile; fileRef = 63F82C7E1A6DCF560063F7E9 /* Nickel.png */; };
		63F82D041A6DCF560063F7E9 /* Niobium.png in Resources */ = {isa = PBXBuildFile; fileRef = 63F82C7F1A6DCF560063F7E9 /* Niobium.png */; };
		63F82D051A6DCF560063F7E9 /* Nitrogen.png in Resources */ = {isa = PBXBuildFile; fileRef = 63F82C801A6DCF560063F7E9 /* Nitrogen.png */; };
		63F82D061A6DCF560063F7E9 /* Nobelium.png in Resources */ = {isa = PBXBuildFile; fileRef = 63F82C811A6DCF560063F7E9 /* Nobelium.png */; };
		63F82D071A6DCF560063F7E9 /* NobleGasesBanner.png in Resources */ = {isa = PBXBuildFile; fileRef = 63F82C821A6DCF560063F7E9 /* NobleGasesBanner.png */; };
		63F82D081A6DCF560063F7E9 /* Osmium.png in Resources */ = {isa = PBXBuildFile; fileRef = 63F82C831A6DCF560063F7E9 /* Osmium.png */; };
		63F82D091A6DCF560063F7E9 /* OtherNonmetalsBanner.png in Resources */ = {isa = PBXBuildFile; fileRef = 63F82C841A6DCF560063F7E9 /* OtherNonmetalsBanner.png */; };
		63F82D0A1A6DCF560063F7E9 /* Oxygen.png in Resources */ = {isa = PBXBuildFile; fileRef = 63F82C851A6DCF560063F7E9 /* Oxygen.png */; };
		63F82D0B1A6DCF560063F7E9 /* Palladium.png in Resources */ = {isa = PBXBuildFile; fileRef = 63F82C861A6DCF560063F7E9 /* Palladium.png */; };
		63F82D0C1A6DCF560063F7E9 /* Phosphorus.png in Resources */ = {isa = PBXBuildFile; fileRef = 63F82C871A6DCF560063F7E9 /* Phosphorus.png */; };
		63F82D0D1A6DCF560063F7E9 /* Platinum.png in Resources */ = {isa = PBXBuildFile; fileRef = 63F82C881A6DCF560063F7E9 /* Platinum.png */; };
		63F82D0E1A6DCF560063F7E9 /* Plutonium.png in Resources */ = {isa = PBXBuildFile; fileRef = 63F82C891A6DCF560063F7E9 /* Plutonium.png */; };
		63F82D0F1A6DCF560063F7E9 /* Polonium.png in Resources */ = {isa = PBXBuildFile; fileRef = 63F82C8A1A6DCF560063F7E9 /* Polonium.png */; };
		63F82D101A6DCF560063F7E9 /* PostTransitionMetalsBanner.png in Resources */ = {isa = PBXBuildFile; fileRef = 63F82C8B1A6DCF560063F7E9 /* PostTransitionMetalsBanner.png */; };
		63F82D111A6DCF560063F7E9 /* Potassium.png in Resources */ = {isa = PBXBuildFile; fileRef = 63F82C8C1A6DCF560063F7E9 /* Potassium.png */; };
		63F82D121A6DCF560063F7E9 /* Praseodymium.png in Resources */ = {isa = PBXBuildFile; fileRef = 63F82C8D1A6DCF560063F7E9 /* Praseodymium.png */; };
		63F82D131A6DCF560063F7E9 /* Promethium.png in Resources */ = {isa = PBXBuildFile; fileRef = 63F82C8E1A6DCF560063F7E9 /* Promethium.png */; };
		63F82D141A6DCF560063F7E9 /* Protactinium.png in Resources */ = {isa = PBXBuildFile; fileRef = 63F82C8F1A6DCF560063F7E9 /* Protactinium.png */; };
		63F82D151A6DCF560063F7E9 /* Radium.png in Resources */ = {isa = PBXBuildFile; fileRef = 63F82C901A6DCF560063F7E9 /* Radium.png */; };
		63F82D161A6DCF560063F7E9 /* Radon.png in Resources */ = {isa = PBXBuildFile; fileRef = 63F82C911A6DCF560063F7E9 /* Radon.png */; };
		63F82D171A6DCF560063F7E9 /* Rhenium.png in Resources */ = {isa = PBXBuildFile; fileRef = 63F82C921A6DCF560063F7E9 /* Rhenium.png */; };
		63F82D181A6DCF560063F7E9 /* Rhodium.png in Resources */ = {isa = PBXBuildFile; fileRef = 63F82C931A6DCF560063F7E9 /* Rhodium.png */; };
		63F82D191A6DCF560063F7E9 /* Roentgenium.png in Resources */ = {isa = PBXBuildFile; fileRef = 63F82C941A6DCF560063F7E9 /* Roentgenium.png */; };
		63F82D1A1A6DCF560063F7E9 /* Rubidium.png in Resources */ = {isa = PBXBuildFile; fileRef = 63F82C951A6DCF560063F7E9 /* Rubidium.png */; };
		63F82D1B1A6DCF560063F7E9 /* Ruthenium.png in Resources */ = {isa = PBXBuildFile; fileRef = 63F82C961A6DCF560063F7E9 /* Ruthenium.png */; };
		63F82D1C1A6DCF560063F7E9 /* Rutherfordium.png in Resources */ = {isa = PBXBuildFile; fileRef = 63F82C971A6DCF560063F7E9 /* Rutherfordium.png */; };
		63F82D1D1A6DCF560063F7E9 /* Samarium.png in Resources */ = {isa = PBXBuildFile; fileRef = 63F82C981A6DCF560063F7E9 /* Samarium.png */; };
		63F82D1E1A6DCF560063F7E9 /* Scandium.png in Resources */ = {isa = PBXBuildFile; fileRef = 63F82C991A6DCF560063F7E9 /* Scandium.png */; };
		63F82D1F1A6DCF560063F7E9 /* Seaborgium.png in Resources */ = {isa = PBXBuildFile; fileRef = 63F82C9A1A6DCF560063F7E9 /* Seaborgium.png */; };
		63F82D201A6DCF560063F7E9 /* Selenium.png in Resources */ = {isa = PBXBuildFile; fileRef = 63F82C9B1A6DCF560063F7E9 /* Selenium.png */; };
		63F82D211A6DCF560063F7E9 /* Silicon.png in Resources */ = {isa = PBXBuildFile; fileRef = 63F82C9C1A6DCF560063F7E9 /* Silicon.png */; };
		63F82D221A6DCF560063F7E9 /* Silver.png in Resources */ = {isa = PBXBuildFile; fileRef = 63F82C9D1A6DCF560063F7E9 /* Silver.png */; };
		63F82D231A6DCF560063F7E9 /* Sodium.png in Resources */ = {isa = PBXBuildFile; fileRef = 63F82C9E1A6DCF560063F7E9 /* Sodium.png */; };
		63F82D241A6DCF560063F7E9 /* Strontium.png in Resources */ = {isa = PBXBuildFile; fileRef = 63F82C9F1A6DCF560063F7E9 /* Strontium.png */; };
		63F82D251A6DCF560063F7E9 /* Sulfur.png in Resources */ = {isa = PBXBuildFile; fileRef = 63F82CA01A6DCF560063F7E9 /* Sulfur.png */; };
		63F82D261A6DCF560063F7E9 /* Tantalum.png in Resources */ = {isa = PBXBuildFile; fileRef = 63F82CA11A6DCF560063F7E9 /* Tantalum.png */; };
		63F82D271A6DCF560063F7E9 /* Technetium.png in Resources */ = {isa = PBXBuildFile; fileRef = 63F82CA21A6DCF560063F7E9 /* Technetium.png */; };
		63F82D281A6DCF560063F7E9 /* Tellurium.png in Resources */ = {isa = PBXBuildFile; fileRef = 63F82CA31A6DCF560063F7E9 /* Tellurium.png */; };
		63F82D291A6DCF560063F7E9 /* Terbium.png in Resources */ = {isa = PBXBuildFile; fileRef = 63F82CA41A6DCF560063F7E9 /* Terbium.png */; };
		63F82D2A1A6DCF560063F7E9 /* Thallium.png in Resources */ = {isa = PBXBuildFile; fileRef = 63F82CA51A6DCF560063F7E9 /* Thallium.png */; };
		63F82D2B1A6DCF560063F7E9 /* Thorium.png in Resources */ = {isa = PBXBuildFile; fileRef = 63F82CA61A6DCF560063F7E9 /* Thorium.png */; };
		63F82D2C1A6DCF560063F7E9 /* Thulium.png in Resources */ = {isa = PBXBuildFile; fileRef = 63F82CA71A6DCF560063F7E9 /* Thulium.png */; };
		63F82D2D1A6DCF560063F7E9 /* Tin.png in Resources */ = {isa = PBXBuildFile; fileRef = 63F82CA81A6DCF560063F7E9 /* Tin.png */; };
		63F82D2E1A6DCF560063F7E9 /* Titanium.png in Resources */ = {isa = PBXBuildFile; fileRef = 63F82CA91A6DCF560063F7E9 /* Titanium.png */; };
		63F82D2F1A6DCF560063F7E9 /* TransitionMetalsBanner.png in Resources */ = {isa = PBXBuildFile; fileRef = 63F82CAA1A6DCF560063F7E9 /* TransitionMetalsBanner.png */; };
		63F82D301A6DCF560063F7E9 /* Tungsten.png in Resources */ = {isa = PBXBuildFile; fileRef = 63F82CAB1A6DCF560063F7E9 /* Tungsten.png */; };
		63F82D311A6DCF560063F7E9 /* Ununoctium.png in Resources */ = {isa = PBXBuildFile; fileRef = 63F82CAC1A6DCF560063F7E9 /* Ununoctium.png */; };
		63F82D321A6DCF560063F7E9 /* Ununpentium.png in Resources */ = {isa = PBXBuildFile; fileRef = 63F82CAD1A6DCF560063F7E9 /* Ununpentium.png */; };
		63F82D331A6DCF560063F7E9 /* Ununseptium.png in Resources */ = {isa = PBXBuildFile; fileRef = 63F82CAE1A6DCF560063F7E9 /* Ununseptium.png */; };
		63F82D341A6DCF560063F7E9 /* Ununtrium.png in Resources */ = {isa = PBXBuildFile; fileRef = 63F82CAF1A6DCF560063F7E9 /* Ununtrium.png */; };
		63F82D351A6DCF560063F7E9 /* Uranium.png in Resources */ = {isa = PBXBuildFile; fileRef = 63F82CB01A6DCF560063F7E9 /* Uranium.png */; };
		63F82D361A6DCF560063F7E9 /* Vanadium.png in Resources */ = {isa = PBXBuildFile; fileRef = 63F82CB11A6DCF560063F7E9 /* Vanadium.png */; };
		63F82D381A6DCF560063F7E9 /* YellowBG.png in Resources */ = {isa = PBXBuildFile; fileRef = 63F82CB31A6DCF560063F7E9 /* YellowBG.png */; };
		63F82D391A6DCF560063F7E9 /* Ytterbium.png in Resources */ = {isa = PBXBuildFile; fileRef = 63F82CB41A6DCF560063F7E9 /* Ytterbium.png */; };
		63F82D3A1A6DCF560063F7E9 /* Yttrium.png in Resources */ = {isa = PBXBuildFile; fileRef = 63F82CB51A6DCF560063F7E9 /* Yttrium.png */; };
		63F82D3B1A6DCF560063F7E9 /* Zinc.png in Resources */ = {isa = PBXBuildFile; fileRef = 63F82CB61A6DCF560063F7E9 /* Zinc.png */; };
		63F82D3C1A6DCF560063F7E9 /* Zirconium.png in Resources */ = {isa = PBXBuildFile; fileRef = 63F82CB71A6DCF560063F7E9 /* Zirconium.png */; };
		63F82D481A6DE5FF0063F7E9 /* testHeader.png in Resources */ = {isa = PBXBuildFile; fileRef = 63F82D471A6DE5FF0063F7E9 /* testHeader.png */; };
/* End PBXBuildFile section */

/* Begin PBXContainerItemProxy section */
		639BDB111A5F84CC0043F97C /* PBXContainerItemProxy */ = {
			isa = PBXContainerItemProxy;
			containerPortal = 639BDAF51A5F84CC0043F97C /* Project object */;
			proxyType = 1;
			remoteGlobalIDString = 639BDAFC1A5F84CC0043F97C;
			remoteInfo = PeriodicTable;
		};
/* End PBXContainerItemProxy section */

/* Begin PBXFileReference section */
		63473D461AAEAB72006E08AD /* PeriodicTable.entitlements */ = {isa = PBXFileReference; lastKnownFileType = text.xml; path = PeriodicTable.entitlements; sourceTree = "<group>"; };
		634A9DC61A5F8788006F41FA /* PeriodicTableWindow.h */ = {isa = PBXFileReference; fileEncoding = 4; lastKnownFileType = sourcecode.c.h; path = PeriodicTableWindow.h; sourceTree = "<group>"; };
		634A9DC71A5F8788006F41FA /* PeriodicTableWindow.m */ = {isa = PBXFileReference; fileEncoding = 4; lastKnownFileType = sourcecode.c.objc; path = PeriodicTableWindow.m; sourceTree = "<group>"; };
		634A9DC81A5F8788006F41FA /* PeriodicTableWindow.xib */ = {isa = PBXFileReference; fileEncoding = 4; lastKnownFileType = file.xib; path = PeriodicTableWindow.xib; sourceTree = "<group>"; };
		634A9ED41A5F8C56006F41FA /* ElementButton.h */ = {isa = PBXFileReference; fileEncoding = 4; lastKnownFileType = sourcecode.c.h; path = ElementButton.h; sourceTree = "<group>"; };
		634A9ED51A5F8C56006F41FA /* ElementButton.m */ = {isa = PBXFileReference; fileEncoding = 4; lastKnownFileType = sourcecode.c.objc; path = ElementButton.m; sourceTree = "<group>"; };
		63507F791AAE9554001E298F /* Xenon.png */ = {isa = PBXFileReference; lastKnownFileType = image.png; path = Xenon.png; sourceTree = "<group>"; };
		63507F7B1AAE96B9001E298F /* Chlorine.png */ = {isa = PBXFileReference; lastKnownFileType = image.png; path = Chlorine.png; sourceTree = "<group>"; };
		63507F821AAE9CDB001E298F /* icon_16x16.png */ = {isa = PBXFileReference; lastKnownFileType = image.png; path = icon_16x16.png; sourceTree = "<group>"; };
		63507F831AAE9CDB001E298F /* icon_16x16@2x.png */ = {isa = PBXFileReference; lastKnownFileType = image.png; path = "icon_16x16@2x.png"; sourceTree = "<group>"; };
		63507F841AAE9CDB001E298F /* icon_128x128.png */ = {isa = PBXFileReference; lastKnownFileType = image.png; path = icon_128x128.png; sourceTree = "<group>"; };
		63507F851AAE9CDB001E298F /* icon_128x128@2x-.png */ = {isa = PBXFileReference; lastKnownFileType = image.png; path = "icon_128x128@2x-.png"; sourceTree = "<group>"; };
		63507F861AAE9CDB001E298F /* icon_256x256.png */ = {isa = PBXFileReference; lastKnownFileType = image.png; path = icon_256x256.png; sourceTree = "<group>"; };
		63507F871AAE9CDB001E298F /* icon_256x256@2x.png */ = {isa = PBXFileReference; lastKnownFileType = image.png; path = "icon_256x256@2x.png"; sourceTree = "<group>"; };
		63507F881AAE9CDB001E298F /* icon_32x32.png */ = {isa = PBXFileReference; lastKnownFileType = image.png; path = icon_32x32.png; sourceTree = "<group>"; };
		63507F891AAE9CDB001E298F /* icon_32x32@2x.png */ = {isa = PBXFileReference; lastKnownFileType = image.png; path = "icon_32x32@2x.png"; sourceTree = "<group>"; };
		63507F8A1AAE9CDB001E298F /* icon_512x512.png */ = {isa = PBXFileReference; lastKnownFileType = image.png; path = icon_512x512.png; sourceTree = "<group>"; };
		63507F8B1AAE9CDB001E298F /* icon_512x512@2x-.png */ = {isa = PBXFileReference; lastKnownFileType = image.png; path = "icon_512x512@2x-.png"; sourceTree = "<group>"; };
		639BDAFD1A5F84CC0043F97C /* PeriodicTable.app */ = {isa = PBXFileReference; explicitFileType = wrapper.application; includeInIndex = 0; path = PeriodicTable.app; sourceTree = BUILT_PRODUCTS_DIR; };
		639BDB011A5F84CC0043F97C /* Info.plist */ = {isa = PBXFileReference; lastKnownFileType = text.plist.xml; path = Info.plist; sourceTree = "<group>"; };
		639BDB021A5F84CC0043F97C /* AppDelegate.h */ = {isa = PBXFileReference; lastKnownFileType = sourcecode.c.h; path = AppDelegate.h; sourceTree = "<group>"; };
		639BDB031A5F84CC0043F97C /* AppDelegate.m */ = {isa = PBXFileReference; lastKnownFileType = sourcecode.c.objc; path = AppDelegate.m; sourceTree = "<group>"; };
		639BDB051A5F84CC0043F97C /* main.m */ = {isa = PBXFileReference; lastKnownFileType = sourcecode.c.objc; path = main.m; sourceTree = "<group>"; };
		639BDB071A5F84CC0043F97C /* Images.xcassets */ = {isa = PBXFileReference; lastKnownFileType = folder.assetcatalog; path = Images.xcassets; sourceTree = "<group>"; };
		639BDB0A1A5F84CC0043F97C /* Base */ = {isa = PBXFileReference; lastKnownFileType = file.xib; name = Base; path = Base.lproj/MainMenu.xib; sourceTree = "<group>"; };
		639BDB101A5F84CC0043F97C /* PeriodicTableTests.xctest */ = {isa = PBXFileReference; explicitFileType = wrapper.cfbundle; includeInIndex = 0; path = PeriodicTableTests.xctest; sourceTree = BUILT_PRODUCTS_DIR; };
		639BDB151A5F84CC0043F97C /* Info.plist */ = {isa = PBXFileReference; lastKnownFileType = text.plist.xml; path = Info.plist; sourceTree = "<group>"; };
		639BDB161A5F84CC0043F97C /* PeriodicTableTests.m */ = {isa = PBXFileReference; lastKnownFileType = sourcecode.c.objc; path = PeriodicTableTests.m; sourceTree = "<group>"; };
		63B7060E1A6C41E60008CF30 /* ElementManager.h */ = {isa = PBXFileReference; fileEncoding = 4; lastKnownFileType = sourcecode.c.h; path = ElementManager.h; sourceTree = "<group>"; };
		63B7060F1A6C41E60008CF30 /* ElementManager.m */ = {isa = PBXFileReference; fileEncoding = 4; lastKnownFileType = sourcecode.c.objc; path = ElementManager.m; sourceTree = "<group>"; };
		63B706111A6C42F10008CF30 /* ElementData.plist */ = {isa = PBXFileReference; fileEncoding = 4; lastKnownFileType = text.plist.xml; path = ElementData.plist; sourceTree = "<group>"; };
		63B706131A6C436C0008CF30 /* Constants.h */ = {isa = PBXFileReference; fileEncoding = 4; lastKnownFileType = sourcecode.c.h; path = Constants.h; sourceTree = "<group>"; };
		63B706141A6C436C0008CF30 /* Constants.m */ = {isa = PBXFileReference; fileEncoding = 4; lastKnownFileType = sourcecode.c.objc; path = Constants.m; sourceTree = "<group>"; };
		63F82C331A6DCF560063F7E9 /* ActinideSeries.png */ = {isa = PBXFileReference; lastKnownFileType = image.png; path = ActinideSeries.png; sourceTree = "<group>"; };
		63F82C341A6DCF560063F7E9 /* ActinideSeriesBanner.png */ = {isa = PBXFileReference; lastKnownFileType = image.png; path = ActinideSeriesBanner.png; sourceTree = "<group>"; };
		63F82C351A6DCF560063F7E9 /* Actinium.png */ = {isa = PBXFileReference; lastKnownFileType = image.png; path = Actinium.png; sourceTree = "<group>"; };
		63F82C361A6DCF560063F7E9 /* AlkaliMetalsBanner.png */ = {isa = PBXFileReference; lastKnownFileType = image.png; path = AlkaliMetalsBanner.png; sourceTree = "<group>"; };
		63F82C371A6DCF560063F7E9 /* AlkalineEarthMetalsBanner.png */ = {isa = PBXFileReference; lastKnownFileType = image.png; path = AlkalineEarthMetalsBanner.png; sourceTree = "<group>"; };
		63F82C381A6DCF560063F7E9 /* Aluminum.png */ = {isa = PBXFileReference; lastKnownFileType = image.png; path = Aluminum.png; sourceTree = "<group>"; };
		63F82C391A6DCF560063F7E9 /* Americium.png */ = {isa = PBXFileReference; lastKnownFileType = image.png; path = Americium.png; sourceTree = "<group>"; };
		63F82C3A1A6DCF560063F7E9 /* Antimony.png */ = {isa = PBXFileReference; lastKnownFileType = image.png; path = Antimony.png; sourceTree = "<group>"; };
		63F82C3B1A6DCF560063F7E9 /* Argon.png */ = {isa = PBXFileReference; lastKnownFileType = image.png; path = Argon.png; sourceTree = "<group>"; };
		63F82C3C1A6DCF560063F7E9 /* Arsenic.png */ = {isa = PBXFileReference; lastKnownFileType = image.png; path = Arsenic.png; sourceTree = "<group>"; };
		63F82C3D1A6DCF560063F7E9 /* Astatine.png */ = {isa = PBXFileReference; lastKnownFileType = image.png; path = Astatine.png; sourceTree = "<group>"; };
		63F82C3E1A6DCF560063F7E9 /* Barium.png */ = {isa = PBXFileReference; lastKnownFileType = image.png; path = Barium.png; sourceTree = "<group>"; };
		63F82C3F1A6DCF560063F7E9 /* Berkelium.png */ = {isa = PBXFileReference; lastKnownFileType = image.png; path = Berkelium.png; sourceTree = "<group>"; };
		63F82C401A6DCF560063F7E9 /* Beryllium.png */ = {isa = PBXFileReference; lastKnownFileType = image.png; path = Beryllium.png; sourceTree = "<group>"; };
		63F82C411A6DCF560063F7E9 /* Bismuth.png */ = {isa = PBXFileReference; lastKnownFileType = image.png; path = Bismuth.png; sourceTree = "<group>"; };
		63F82C421A6DCF560063F7E9 /* Bohrium.png */ = {isa = PBXFileReference; lastKnownFileType = image.png; path = Bohrium.png; sourceTree = "<group>"; };
		63F82C431A6DCF560063F7E9 /* Boron.png */ = {isa = PBXFileReference; lastKnownFileType = image.png; path = Boron.png; sourceTree = "<group>"; };
		63F82C441A6DCF560063F7E9 /* Bromine.png */ = {isa = PBXFileReference; lastKnownFileType = image.png; path = Bromine.png; sourceTree = "<group>"; };
		63F82C451A6DCF560063F7E9 /* Cadmium.png */ = {isa = PBXFileReference; lastKnownFileType = image.png; path = Cadmium.png; sourceTree = "<group>"; };
		63F82C461A6DCF560063F7E9 /* Calcium.png */ = {isa = PBXFileReference; lastKnownFileType = image.png; path = Calcium.png; sourceTree = "<group>"; };
		63F82C471A6DCF560063F7E9 /* Californium.png */ = {isa = PBXFileReference; lastKnownFileType = image.png; path = Californium.png; sourceTree = "<group>"; };
		63F82C481A6DCF560063F7E9 /* Carbon.png */ = {isa = PBXFileReference; lastKnownFileType = image.png; path = Carbon.png; sourceTree = "<group>"; };
		63F82C491A6DCF560063F7E9 /* Cerium.png */ = {isa = PBXFileReference; lastKnownFileType = image.png; path = Cerium.png; sourceTree = "<group>"; };
		63F82C4A1A6DCF560063F7E9 /* Cesium.png */ = {isa = PBXFileReference; lastKnownFileType = image.png; path = Cesium.png; sourceTree = "<group>"; };
		63F82C4C1A6DCF560063F7E9 /* Chromium.png */ = {isa = PBXFileReference; lastKnownFileType = image.png; path = Chromium.png; sourceTree = "<group>"; };
		63F82C4D1A6DCF560063F7E9 /* Cobalt.png */ = {isa = PBXFileReference; lastKnownFileType = image.png; path = Cobalt.png; sourceTree = "<group>"; };
		63F82C4E1A6DCF560063F7E9 /* Copernicium.png */ = {isa = PBXFileReference; lastKnownFileType = image.png; path = Copernicium.png; sourceTree = "<group>"; };
		63F82C4F1A6DCF560063F7E9 /* Copper.png */ = {isa = PBXFileReference; lastKnownFileType = image.png; path = Copper.png; sourceTree = "<group>"; };
		63F82C501A6DCF560063F7E9 /* Curium.png */ = {isa = PBXFileReference; lastKnownFileType = image.png; path = Curium.png; sourceTree = "<group>"; };
		63F82C511A6DCF560063F7E9 /* Darmstadtium.png */ = {isa = PBXFileReference; lastKnownFileType = image.png; path = Darmstadtium.png; sourceTree = "<group>"; };
		63F82C521A6DCF560063F7E9 /* Dubnium.png */ = {isa = PBXFileReference; lastKnownFileType = image.png; path = Dubnium.png; sourceTree = "<group>"; };
		63F82C531A6DCF560063F7E9 /* Dysprosium.png */ = {isa = PBXFileReference; lastKnownFileType = image.png; path = Dysprosium.png; sourceTree = "<group>"; };
		63F82C541A6DCF560063F7E9 /* Einsteinium.png */ = {isa = PBXFileReference; lastKnownFileType = image.png; path = Einsteinium.png; sourceTree = "<group>"; };
		63F82C551A6DCF560063F7E9 /* Erbium.png */ = {isa = PBXFileReference; lastKnownFileType = image.png; path = Erbium.png; sourceTree = "<group>"; };
		63F82C561A6DCF560063F7E9 /* Europium.png */ = {isa = PBXFileReference; lastKnownFileType = image.png; path = Europium.png; sourceTree = "<group>"; };
		63F82C571A6DCF560063F7E9 /* Fermium.png */ = {isa = PBXFileReference; lastKnownFileType = image.png; path = Fermium.png; sourceTree = "<group>"; };
		63F82C581A6DCF560063F7E9 /* Flerovium.png */ = {isa = PBXFileReference; lastKnownFileType = image.png; path = Flerovium.png; sourceTree = "<group>"; };
		63F82C591A6DCF560063F7E9 /* Fluorine.png */ = {isa = PBXFileReference; lastKnownFileType = image.png; path = Fluorine.png; sourceTree = "<group>"; };
		63F82C5A1A6DCF560063F7E9 /* Francium.png */ = {isa = PBXFileReference; lastKnownFileType = image.png; path = Francium.png; sourceTree = "<group>"; };
		63F82C5B1A6DCF560063F7E9 /* Gadolinium.png */ = {isa = PBXFileReference; lastKnownFileType = image.png; path = Gadolinium.png; sourceTree = "<group>"; };
		63F82C5C1A6DCF560063F7E9 /* Gallium.png */ = {isa = PBXFileReference; lastKnownFileType = image.png; path = Gallium.png; sourceTree = "<group>"; };
		63F82C5D1A6DCF560063F7E9 /* Germanium.png */ = {isa = PBXFileReference; lastKnownFileType = image.png; path = Germanium.png; sourceTree = "<group>"; };
		63F82C5E1A6DCF560063F7E9 /* Gold.png */ = {isa = PBXFileReference; lastKnownFileType = image.png; path = Gold.png; sourceTree = "<group>"; };
		63F82C5F1A6DCF560063F7E9 /* Hafnium.png */ = {isa = PBXFileReference; lastKnownFileType = image.png; path = Hafnium.png; sourceTree = "<group>"; };
		63F82C601A6DCF560063F7E9 /* HalogensBanner.png */ = {isa = PBXFileReference; lastKnownFileType = image.png; path = HalogensBanner.png; sourceTree = "<group>"; };
		63F82C611A6DCF560063F7E9 /* Hassium.png */ = {isa = PBXFileReference; lastKnownFileType = image.png; path = Hassium.png; sourceTree = "<group>"; };
		63F82C621A6DCF560063F7E9 /* Helium.png */ = {isa = PBXFileReference; lastKnownFileType = image.png; path = Helium.png; sourceTree = "<group>"; };
		63F82C631A6DCF560063F7E9 /* Holmium.png */ = {isa = PBXFileReference; lastKnownFileType = image.png; path = Holmium.png; sourceTree = "<group>"; };
		63F82C641A6DCF560063F7E9 /* Hydrogen.png */ = {isa = PBXFileReference; lastKnownFileType = image.png; path = Hydrogen.png; sourceTree = "<group>"; };
		63F82C651A6DCF560063F7E9 /* HydrogenClear.png */ = {isa = PBXFileReference; lastKnownFileType = image.png; path = HydrogenClear.png; sourceTree = "<group>"; };
		63F82C661A6DCF560063F7E9 /* HydrogenLarge.png */ = {isa = PBXFileReference; lastKnownFileType = image.png; path = HydrogenLarge.png; sourceTree = "<group>"; };
		63F82C671A6DCF560063F7E9 /* Indium.png */ = {isa = PBXFileReference; lastKnownFileType = image.png; path = Indium.png; sourceTree = "<group>"; };
		63F82C681A6DCF560063F7E9 /* Iodine.png */ = {isa = PBXFileReference; lastKnownFileType = image.png; path = Iodine.png; sourceTree = "<group>"; };
		63F82C691A6DCF560063F7E9 /* Iridium.png */ = {isa = PBXFileReference; lastKnownFileType = image.png; path = Iridium.png; sourceTree = "<group>"; };
		63F82C6A1A6DCF560063F7E9 /* Iron.png */ = {isa = PBXFileReference; lastKnownFileType = image.png; path = Iron.png; sourceTree = "<group>"; };
		63F82C6B1A6DCF560063F7E9 /* Krypton.png */ = {isa = PBXFileReference; lastKnownFileType = image.png; path = Krypton.png; sourceTree = "<group>"; };
		63F82C6C1A6DCF560063F7E9 /* LanthanideSeries.png */ = {isa = PBXFileReference; lastKnownFileType = image.png; path = LanthanideSeries.png; sourceTree = "<group>"; };
		63F82C6D1A6DCF560063F7E9 /* LanthanideSeriesBanner.png */ = {isa = PBXFileReference; lastKnownFileType = image.png; path = LanthanideSeriesBanner.png; sourceTree = "<group>"; };
		63F82C6E1A6DCF560063F7E9 /* Lanthanum.png */ = {isa = PBXFileReference; lastKnownFileType = image.png; path = Lanthanum.png; sourceTree = "<group>"; };
		63F82C6F1A6DCF560063F7E9 /* Lawrencium.png */ = {isa = PBXFileReference; lastKnownFileType = image.png; path = Lawrencium.png; sourceTree = "<group>"; };
		63F82C701A6DCF560063F7E9 /* Lead.png */ = {isa = PBXFileReference; lastKnownFileType = image.png; path = Lead.png; sourceTree = "<group>"; };
		63F82C711A6DCF560063F7E9 /* Lithium.png */ = {isa = PBXFileReference; lastKnownFileType = image.png; path = Lithium.png; sourceTree = "<group>"; };
		63F82C721A6DCF560063F7E9 /* Livermorium.png */ = {isa = PBXFileReference; lastKnownFileType = image.png; path = Livermorium.png; sourceTree = "<group>"; };
		63F82C731A6DCF560063F7E9 /* Lutetium.png */ = {isa = PBXFileReference; lastKnownFileType = image.png; path = Lutetium.png; sourceTree = "<group>"; };
		63F82C741A6DCF560063F7E9 /* Magnesium.png */ = {isa = PBXFileReference; lastKnownFileType = image.png; path = Magnesium.png; sourceTree = "<group>"; };
		63F82C751A6DCF560063F7E9 /* Manganese.png */ = {isa = PBXFileReference; lastKnownFileType = image.png; path = Manganese.png; sourceTree = "<group>"; };
		63F82C761A6DCF560063F7E9 /* Meitnerium.png */ = {isa = PBXFileReference; lastKnownFileType = image.png; path = Meitnerium.png; sourceTree = "<group>"; };
		63F82C771A6DCF560063F7E9 /* Mendelevium.png */ = {isa = PBXFileReference; lastKnownFileType = image.png; path = Mendelevium.png; sourceTree = "<group>"; };
		63F82C781A6DCF560063F7E9 /* Mercury.png */ = {isa = PBXFileReference; lastKnownFileType = image.png; path = Mercury.png; sourceTree = "<group>"; };
		63F82C791A6DCF560063F7E9 /* MetalloidsBanner.png */ = {isa = PBXFileReference; lastKnownFileType = image.png; path = MetalloidsBanner.png; sourceTree = "<group>"; };
		63F82C7A1A6DCF560063F7E9 /* Molybdenum.png */ = {isa = PBXFileReference; lastKnownFileType = image.png; path = Molybdenum.png; sourceTree = "<group>"; };
		63F82C7B1A6DCF560063F7E9 /* Neodymium.png */ = {isa = PBXFileReference; lastKnownFileType = image.png; path = Neodymium.png; sourceTree = "<group>"; };
		63F82C7C1A6DCF560063F7E9 /* Neon.png */ = {isa = PBXFileReference; lastKnownFileType = image.png; path = Neon.png; sourceTree = "<group>"; };
		63F82C7D1A6DCF560063F7E9 /* Neptunium.png */ = {isa = PBXFileReference; lastKnownFileType = image.png; path = Neptunium.png; sourceTree = "<group>"; };
		63F82C7E1A6DCF560063F7E9 /* Nickel.png */ = {isa = PBXFileReference; lastKnownFileType = image.png; path = Nickel.png; sourceTree = "<group>"; };
		63F82C7F1A6DCF560063F7E9 /* Niobium.png */ = {isa = PBXFileReference; lastKnownFileType = image.png; path = Niobium.png; sourceTree = "<group>"; };
		63F82C801A6DCF560063F7E9 /* Nitrogen.png */ = {isa = PBXFileReference; lastKnownFileType = image.png; path = Nitrogen.png; sourceTree = "<group>"; };
		63F82C811A6DCF560063F7E9 /* Nobelium.png */ = {isa = PBXFileReference; lastKnownFileType = image.png; path = Nobelium.png; sourceTree = "<group>"; };
		63F82C821A6DCF560063F7E9 /* NobleGasesBanner.png */ = {isa = PBXFileReference; lastKnownFileType = image.png; path = NobleGasesBanner.png; sourceTree = "<group>"; };
		63F82C831A6DCF560063F7E9 /* Osmium.png */ = {isa = PBXFileReference; lastKnownFileType = image.png; path = Osmium.png; sourceTree = "<group>"; };
		63F82C841A6DCF560063F7E9 /* OtherNonmetalsBanner.png */ = {isa = PBXFileReference; lastKnownFileType = image.png; path = OtherNonmetalsBanner.png; sourceTree = "<group>"; };
		63F82C851A6DCF560063F7E9 /* Oxygen.png */ = {isa = PBXFileReference; lastKnownFileType = image.png; path = Oxygen.png; sourceTree = "<group>"; };
		63F82C861A6DCF560063F7E9 /* Palladium.png */ = {isa = PBXFileReference; lastKnownFileType = image.png; path = Palladium.png; sourceTree = "<group>"; };
		63F82C871A6DCF560063F7E9 /* Phosphorus.png */ = {isa = PBXFileReference; lastKnownFileType = image.png; path = Phosphorus.png; sourceTree = "<group>"; };
		63F82C881A6DCF560063F7E9 /* Platinum.png */ = {isa = PBXFileReference; lastKnownFileType = image.png; path = Platinum.png; sourceTree = "<group>"; };
		63F82C891A6DCF560063F7E9 /* Plutonium.png */ = {isa = PBXFileReference; lastKnownFileType = image.png; path = Plutonium.png; sourceTree = "<group>"; };
		63F82C8A1A6DCF560063F7E9 /* Polonium.png */ = {isa = PBXFileReference; lastKnownFileType = image.png; path = Polonium.png; sourceTree = "<group>"; };
		63F82C8B1A6DCF560063F7E9 /* PostTransitionMetalsBanner.png */ = {isa = PBXFileReference; lastKnownFileType = image.png; path = PostTransitionMetalsBanner.png; sourceTree = "<group>"; };
		63F82C8C1A6DCF560063F7E9 /* Potassium.png */ = {isa = PBXFileReference; lastKnownFileType = image.png; path = Potassium.png; sourceTree = "<group>"; };
		63F82C8D1A6DCF560063F7E9 /* Praseodymium.png */ = {isa = PBXFileReference; lastKnownFileType = image.png; path = Praseodymium.png; sourceTree = "<group>"; };
		63F82C8E1A6DCF560063F7E9 /* Promethium.png */ = {isa = PBXFileReference; lastKnownFileType = image.png; path = Promethium.png; sourceTree = "<group>"; };
		63F82C8F1A6DCF560063F7E9 /* Protactinium.png */ = {isa = PBXFileReference; lastKnownFileType = image.png; path = Protactinium.png; sourceTree = "<group>"; };
		63F82C901A6DCF560063F7E9 /* Radium.png */ = {isa = PBXFileReference; lastKnownFileType = image.png; path = Radium.png; sourceTree = "<group>"; };
		63F82C911A6DCF560063F7E9 /* Radon.png */ = {isa = PBXFileReference; lastKnownFileType = image.png; path = Radon.png; sourceTree = "<group>"; };
		63F82C921A6DCF560063F7E9 /* Rhenium.png */ = {isa = PBXFileReference; lastKnownFileType = image.png; path = Rhenium.png; sourceTree = "<group>"; };
		63F82C931A6DCF560063F7E9 /* Rhodium.png */ = {isa = PBXFileReference; lastKnownFileType = image.png; path = Rhodium.png; sourceTree = "<group>"; };
		63F82C941A6DCF560063F7E9 /* Roentgenium.png */ = {isa = PBXFileReference; lastKnownFileType = image.png; path = Roentgenium.png; sourceTree = "<group>"; };
		63F82C951A6DCF560063F7E9 /* Rubidium.png */ = {isa = PBXFileReference; lastKnownFileType = image.png; path = Rubidium.png; sourceTree = "<group>"; };
		63F82C961A6DCF560063F7E9 /* Ruthenium.png */ = {isa = PBXFileReference; lastKnownFileType = image.png; path = Ruthenium.png; sourceTree = "<group>"; };
		63F82C971A6DCF560063F7E9 /* Rutherfordium.png */ = {isa = PBXFileReference; lastKnownFileType = image.png; path = Rutherfordium.png; sourceTree = "<group>"; };
		63F82C981A6DCF560063F7E9 /* Samarium.png */ = {isa = PBXFileReference; lastKnownFileType = image.png; path = Samarium.png; sourceTree = "<group>"; };
		63F82C991A6DCF560063F7E9 /* Scandium.png */ = {isa = PBXFileReference; lastKnownFileType = image.png; path = Scandium.png; sourceTree = "<group>"; };
		63F82C9A1A6DCF560063F7E9 /* Seaborgium.png */ = {isa = PBXFileReference; lastKnownFileType = image.png; path = Seaborgium.png; sourceTree = "<group>"; };
		63F82C9B1A6DCF560063F7E9 /* Selenium.png */ = {isa = PBXFileReference; lastKnownFileType = image.png; path = Selenium.png; sourceTree = "<group>"; };
		63F82C9C1A6DCF560063F7E9 /* Silicon.png */ = {isa = PBXFileReference; lastKnownFileType = image.png; path = Silicon.png; sourceTree = "<group>"; };
		63F82C9D1A6DCF560063F7E9 /* Silver.png */ = {isa = PBXFileReference; lastKnownFileType = image.png; path = Silver.png; sourceTree = "<group>"; };
		63F82C9E1A6DCF560063F7E9 /* Sodium.png */ = {isa = PBXFileReference; lastKnownFileType = image.png; path = Sodium.png; sourceTree = "<group>"; };
		63F82C9F1A6DCF560063F7E9 /* Strontium.png */ = {isa = PBXFileReference; lastKnownFileType = image.png; path = Strontium.png; sourceTree = "<group>"; };
		63F82CA01A6DCF560063F7E9 /* Sulfur.png */ = {isa = PBXFileReference; lastKnownFileType = image.png; path = Sulfur.png; sourceTree = "<group>"; };
		63F82CA11A6DCF560063F7E9 /* Tantalum.png */ = {isa = PBXFileReference; lastKnownFileType = image.png; path = Tantalum.png; sourceTree = "<group>"; };
		63F82CA21A6DCF560063F7E9 /* Technetium.png */ = {isa = PBXFileReference; lastKnownFileType = image.png; path = Technetium.png; sourceTree = "<group>"; };
		63F82CA31A6DCF560063F7E9 /* Tellurium.png */ = {isa = PBXFileReference; lastKnownFileType = image.png; path = Tellurium.png; sourceTree = "<group>"; };
		63F82CA41A6DCF560063F7E9 /* Terbium.png */ = {isa = PBXFileReference; lastKnownFileType = image.png; path = Terbium.png; sourceTree = "<group>"; };
		63F82CA51A6DCF560063F7E9 /* Thallium.png */ = {isa = PBXFileReference; lastKnownFileType = image.png; path = Thallium.png; sourceTree = "<group>"; };
		63F82CA61A6DCF560063F7E9 /* Thorium.png */ = {isa = PBXFileReference; lastKnownFileType = image.png; path = Thorium.png; sourceTree = "<group>"; };
		63F82CA71A6DCF560063F7E9 /* Thulium.png */ = {isa = PBXFileReference; lastKnownFileType = image.png; path = Thulium.png; sourceTree = "<group>"; };
		63F82CA81A6DCF560063F7E9 /* Tin.png */ = {isa = PBXFileReference; lastKnownFileType = image.png; path = Tin.png; sourceTree = "<group>"; };
		63F82CA91A6DCF560063F7E9 /* Titanium.png */ = {isa = PBXFileReference; lastKnownFileType = image.png; path = Titanium.png; sourceTree = "<group>"; };
		63F82CAA1A6DCF560063F7E9 /* TransitionMetalsBanner.png */ = {isa = PBXFileReference; lastKnownFileType = image.png; path = TransitionMetalsBanner.png; sourceTree = "<group>"; };
		63F82CAB1A6DCF560063F7E9 /* Tungsten.png */ = {isa = PBXFileReference; lastKnownFileType = image.png; path = Tungsten.png; sourceTree = "<group>"; };
		63F82CAC1A6DCF560063F7E9 /* Ununoctium.png */ = {isa = PBXFileReference; lastKnownFileType = image.png; path = Ununoctium.png; sourceTree = "<group>"; };
		63F82CAD1A6DCF560063F7E9 /* Ununpentium.png */ = {isa = PBXFileReference; lastKnownFileType = image.png; path = Ununpentium.png; sourceTree = "<group>"; };
		63F82CAE1A6DCF560063F7E9 /* Ununseptium.png */ = {isa = PBXFileReference; lastKnownFileType = image.png; path = Ununseptium.png; sourceTree = "<group>"; };
		63F82CAF1A6DCF560063F7E9 /* Ununtrium.png */ = {isa = PBXFileReference; lastKnownFileType = image.png; path = Ununtrium.png; sourceTree = "<group>"; };
		63F82CB01A6DCF560063F7E9 /* Uranium.png */ = {isa = PBXFileReference; lastKnownFileType = image.png; path = Uranium.png; sourceTree = "<group>"; };
		63F82CB11A6DCF560063F7E9 /* Vanadium.png */ = {isa = PBXFileReference; lastKnownFileType = image.png; path = Vanadium.png; sourceTree = "<group>"; };
		63F82CB31A6DCF560063F7E9 /* YellowBG.png */ = {isa = PBXFileReference; lastKnownFileType = image.png; path = YellowBG.png; sourceTree = "<group>"; };
		63F82CB41A6DCF560063F7E9 /* Ytterbium.png */ = {isa = PBXFileReference; lastKnownFileType = image.png; path = Ytterbium.png; sourceTree = "<group>"; };
		63F82CB51A6DCF560063F7E9 /* Yttrium.png */ = {isa = PBXFileReference; lastKnownFileType = image.png; path = Yttrium.png; sourceTree = "<group>"; };
		63F82CB61A6DCF560063F7E9 /* Zinc.png */ = {isa = PBXFileReference; lastKnownFileType = image.png; path = Zinc.png; sourceTree = "<group>"; };
		63F82CB71A6DCF560063F7E9 /* Zirconium.png */ = {isa = PBXFileReference; lastKnownFileType = image.png; path = Zirconium.png; sourceTree = "<group>"; };
		63F82D471A6DE5FF0063F7E9 /* testHeader.png */ = {isa = PBXFileReference; lastKnownFileType = image.png; path = testHeader.png; sourceTree = "<group>"; };
/* End PBXFileReference section */

/* Begin PBXFrameworksBuildPhase section */
		639BDAFA1A5F84CC0043F97C /* Frameworks */ = {
			isa = PBXFrameworksBuildPhase;
			buildActionMask = 2147483647;
			files = (
			);
			runOnlyForDeploymentPostprocessing = 0;
		};
		639BDB0D1A5F84CC0043F97C /* Frameworks */ = {
			isa = PBXFrameworksBuildPhase;
			buildActionMask = 2147483647;
			files = (
			);
			runOnlyForDeploymentPostprocessing = 0;
		};
/* End PBXFrameworksBuildPhase section */

/* Begin PBXGroup section */
		63507F811AAE9CDB001E298F /* icons */ = {
			isa = PBXGroup;
			children = (
				63507F821AAE9CDB001E298F /* icon_16x16.png */,
				63507F831AAE9CDB001E298F /* icon_16x16@2x.png */,
				63507F841AAE9CDB001E298F /* icon_128x128.png */,
				63507F851AAE9CDB001E298F /* icon_128x128@2x-.png */,
				63507F861AAE9CDB001E298F /* icon_256x256.png */,
				63507F871AAE9CDB001E298F /* icon_256x256@2x.png */,
				63507F881AAE9CDB001E298F /* icon_32x32.png */,
				63507F891AAE9CDB001E298F /* icon_32x32@2x.png */,
				63507F8A1AAE9CDB001E298F /* icon_512x512.png */,
				63507F8B1AAE9CDB001E298F /* icon_512x512@2x-.png */,
			);
			path = icons;
			sourceTree = "<group>";
		};
		639BDAF41A5F84CC0043F97C = {
			isa = PBXGroup;
			children = (
				63F82D471A6DE5FF0063F7E9 /* testHeader.png */,
				63F82C321A6DCF560063F7E9 /* ElementImages */,
				639BDAFF1A5F84CC0043F97C /* PeriodicTable */,
				639BDB131A5F84CC0043F97C /* PeriodicTableTests */,
				639BDAFE1A5F84CC0043F97C /* Products */,
			);
			sourceTree = "<group>";
		};
		639BDAFE1A5F84CC0043F97C /* Products */ = {
			isa = PBXGroup;
			children = (
				639BDAFD1A5F84CC0043F97C /* PeriodicTable.app */,
				639BDB101A5F84CC0043F97C /* PeriodicTableTests.xctest */,
			);
			name = Products;
			sourceTree = "<group>";
		};
		639BDAFF1A5F84CC0043F97C /* PeriodicTable */ = {
			isa = PBXGroup;
			children = (
				63473D461AAEAB72006E08AD /* PeriodicTable.entitlements */,
				63B706111A6C42F10008CF30 /* ElementData.plist */,
				634A9DC61A5F8788006F41FA /* PeriodicTableWindow.h */,
				634A9DC71A5F8788006F41FA /* PeriodicTableWindow.m */,
				634A9ED41A5F8C56006F41FA /* ElementButton.h */,
				634A9ED51A5F8C56006F41FA /* ElementButton.m */,
				634A9DC81A5F8788006F41FA /* PeriodicTableWindow.xib */,
				63B7060E1A6C41E60008CF30 /* ElementManager.h */,
				63B7060F1A6C41E60008CF30 /* ElementManager.m */,
				639BDB021A5F84CC0043F97C /* AppDelegate.h */,
				639BDB031A5F84CC0043F97C /* AppDelegate.m */,
				639BDB071A5F84CC0043F97C /* Images.xcassets */,
				63507F811AAE9CDB001E298F /* icons */,
				639BDB091A5F84CC0043F97C /* MainMenu.xib */,
				639BDB001A5F84CC0043F97C /* Supporting Files */,
				63B706131A6C436C0008CF30 /* Constants.h */,
				63B706141A6C436C0008CF30 /* Constants.m */,
			);
			path = PeriodicTable;
			sourceTree = "<group>";
		};
		639BDB001A5F84CC0043F97C /* Supporting Files */ = {
			isa = PBXGroup;
			children = (
				639BDB011A5F84CC0043F97C /* Info.plist */,
				639BDB051A5F84CC0043F97C /* main.m */,
			);
			name = "Supporting Files";
			sourceTree = "<group>";
		};
		639BDB131A5F84CC0043F97C /* PeriodicTableTests */ = {
			isa = PBXGroup;
			children = (
				639BDB161A5F84CC0043F97C /* PeriodicTableTests.m */,
				639BDB141A5F84CC0043F97C /* Supporting Files */,
			);
			path = PeriodicTableTests;
			sourceTree = "<group>";
		};
		639BDB141A5F84CC0043F97C /* Supporting Files */ = {
			isa = PBXGroup;
			children = (
				639BDB151A5F84CC0043F97C /* Info.plist */,
			);
			name = "Supporting Files";
			sourceTree = "<group>";
		};
		63F82C321A6DCF560063F7E9 /* ElementImages */ = {
			isa = PBXGroup;
			children = (
				63507F7B1AAE96B9001E298F /* Chlorine.png */,
				63507F791AAE9554001E298F /* Xenon.png */,
				63F82C331A6DCF560063F7E9 /* ActinideSeries.png */,
				63F82C341A6DCF560063F7E9 /* ActinideSeriesBanner.png */,
				63F82C351A6DCF560063F7E9 /* Actinium.png */,
				63F82C361A6DCF560063F7E9 /* AlkaliMetalsBanner.png */,
				63F82C371A6DCF560063F7E9 /* AlkalineEarthMetalsBanner.png */,
				63F82C381A6DCF560063F7E9 /* Aluminum.png */,
				63F82C391A6DCF560063F7E9 /* Americium.png */,
				63F82C3A1A6DCF560063F7E9 /* Antimony.png */,
				63F82C3B1A6DCF560063F7E9 /* Argon.png */,
				63F82C3C1A6DCF560063F7E9 /* Arsenic.png */,
				63F82C3D1A6DCF560063F7E9 /* Astatine.png */,
				63F82C3E1A6DCF560063F7E9 /* Barium.png */,
				63F82C3F1A6DCF560063F7E9 /* Berkelium.png */,
				63F82C401A6DCF560063F7E9 /* Beryllium.png */,
				63F82C411A6DCF560063F7E9 /* Bismuth.png */,
				63F82C421A6DCF560063F7E9 /* Bohrium.png */,
				63F82C431A6DCF560063F7E9 /* Boron.png */,
				63F82C441A6DCF560063F7E9 /* Bromine.png */,
				63F82C451A6DCF560063F7E9 /* Cadmium.png */,
				63F82C461A6DCF560063F7E9 /* Calcium.png */,
				63F82C471A6DCF560063F7E9 /* Californium.png */,
				63F82C481A6DCF560063F7E9 /* Carbon.png */,
				63F82C491A6DCF560063F7E9 /* Cerium.png */,
				63F82C4A1A6DCF560063F7E9 /* Cesium.png */,
				63F82C4C1A6DCF560063F7E9 /* Chromium.png */,
				63F82C4D1A6DCF560063F7E9 /* Cobalt.png */,
				63F82C4E1A6DCF560063F7E9 /* Copernicium.png */,
				63F82C4F1A6DCF560063F7E9 /* Copper.png */,
				63F82C501A6DCF560063F7E9 /* Curium.png */,
				63F82C511A6DCF560063F7E9 /* Darmstadtium.png */,
				63F82C521A6DCF560063F7E9 /* Dubnium.png */,
				63F82C531A6DCF560063F7E9 /* Dysprosium.png */,
				63F82C541A6DCF560063F7E9 /* Einsteinium.png */,
				63F82C551A6DCF560063F7E9 /* Erbium.png */,
				63F82C561A6DCF560063F7E9 /* Europium.png */,
				63F82C571A6DCF560063F7E9 /* Fermium.png */,
				63F82C581A6DCF560063F7E9 /* Flerovium.png */,
				63F82C591A6DCF560063F7E9 /* Fluorine.png */,
				63F82C5A1A6DCF560063F7E9 /* Francium.png */,
				63F82C5B1A6DCF560063F7E9 /* Gadolinium.png */,
				63F82C5C1A6DCF560063F7E9 /* Gallium.png */,
				63F82C5D1A6DCF560063F7E9 /* Germanium.png */,
				63F82C5E1A6DCF560063F7E9 /* Gold.png */,
				63F82C5F1A6DCF560063F7E9 /* Hafnium.png */,
				63F82C601A6DCF560063F7E9 /* HalogensBanner.png */,
				63F82C611A6DCF560063F7E9 /* Hassium.png */,
				63F82C621A6DCF560063F7E9 /* Helium.png */,
				63F82C631A6DCF560063F7E9 /* Holmium.png */,
				63F82C641A6DCF560063F7E9 /* Hydrogen.png */,
				63F82C651A6DCF560063F7E9 /* HydrogenClear.png */,
				63F82C661A6DCF560063F7E9 /* HydrogenLarge.png */,
				63F82C671A6DCF560063F7E9 /* Indium.png */,
				63F82C681A6DCF560063F7E9 /* Iodine.png */,
				63F82C691A6DCF560063F7E9 /* Iridium.png */,
				63F82C6A1A6DCF560063F7E9 /* Iron.png */,
				63F82C6B1A6DCF560063F7E9 /* Krypton.png */,
				63F82C6C1A6DCF560063F7E9 /* LanthanideSeries.png */,
				63F82C6D1A6DCF560063F7E9 /* LanthanideSeriesBanner.png */,
				63F82C6E1A6DCF560063F7E9 /* Lanthanum.png */,
				63F82C6F1A6DCF560063F7E9 /* Lawrencium.png */,
				63F82C701A6DCF560063F7E9 /* Lead.png */,
				63F82C711A6DCF560063F7E9 /* Lithium.png */,
				63F82C721A6DCF560063F7E9 /* Livermorium.png */,
				63F82C731A6DCF560063F7E9 /* Lutetium.png */,
				63F82C741A6DCF560063F7E9 /* Magnesium.png */,
				63F82C751A6DCF560063F7E9 /* Manganese.png */,
				63F82C761A6DCF560063F7E9 /* Meitnerium.png */,
				63F82C771A6DCF560063F7E9 /* Mendelevium.png */,
				63F82C781A6DCF560063F7E9 /* Mercury.png */,
				63F82C791A6DCF560063F7E9 /* MetalloidsBanner.png */,
				63F82C7A1A6DCF560063F7E9 /* Molybdenum.png */,
				63F82C7B1A6DCF560063F7E9 /* Neodymium.png */,
				63F82C7C1A6DCF560063F7E9 /* Neon.png */,
				63F82C7D1A6DCF560063F7E9 /* Neptunium.png */,
				63F82C7E1A6DCF560063F7E9 /* Nickel.png */,
				63F82C7F1A6DCF560063F7E9 /* Niobium.png */,
				63F82C801A6DCF560063F7E9 /* Nitrogen.png */,
				63F82C811A6DCF560063F7E9 /* Nobelium.png */,
				63F82C821A6DCF560063F7E9 /* NobleGasesBanner.png */,
				63F82C831A6DCF560063F7E9 /* Osmium.png */,
				63F82C841A6DCF560063F7E9 /* OtherNonmetalsBanner.png */,
				63F82C851A6DCF560063F7E9 /* Oxygen.png */,
				63F82C861A6DCF560063F7E9 /* Palladium.png */,
				63F82C871A6DCF560063F7E9 /* Phosphorus.png */,
				63F82C881A6DCF560063F7E9 /* Platinum.png */,
				63F82C891A6DCF560063F7E9 /* Plutonium.png */,
				63F82C8A1A6DCF560063F7E9 /* Polonium.png */,
				63F82C8B1A6DCF560063F7E9 /* PostTransitionMetalsBanner.png */,
				63F82C8C1A6DCF560063F7E9 /* Potassium.png */,
				63F82C8D1A6DCF560063F7E9 /* Praseodymium.png */,
				63F82C8E1A6DCF560063F7E9 /* Promethium.png */,
				63F82C8F1A6DCF560063F7E9 /* Protactinium.png */,
				63F82C901A6DCF560063F7E9 /* Radium.png */,
				63F82C911A6DCF560063F7E9 /* Radon.png */,
				63F82C921A6DCF560063F7E9 /* Rhenium.png */,
				63F82C931A6DCF560063F7E9 /* Rhodium.png */,
				63F82C941A6DCF560063F7E9 /* Roentgenium.png */,
				63F82C951A6DCF560063F7E9 /* Rubidium.png */,
				63F82C961A6DCF560063F7E9 /* Ruthenium.png */,
				63F82C971A6DCF560063F7E9 /* Rutherfordium.png */,
				63F82C981A6DCF560063F7E9 /* Samarium.png */,
				63F82C991A6DCF560063F7E9 /* Scandium.png */,
				63F82C9A1A6DCF560063F7E9 /* Seaborgium.png */,
				63F82C9B1A6DCF560063F7E9 /* Selenium.png */,
				63F82C9C1A6DCF560063F7E9 /* Silicon.png */,
				63F82C9D1A6DCF560063F7E9 /* Silver.png */,
				63F82C9E1A6DCF560063F7E9 /* Sodium.png */,
				63F82C9F1A6DCF560063F7E9 /* Strontium.png */,
				63F82CA01A6DCF560063F7E9 /* Sulfur.png */,
				63F82CA11A6DCF560063F7E9 /* Tantalum.png */,
				63F82CA21A6DCF560063F7E9 /* Technetium.png */,
				63F82CA31A6DCF560063F7E9 /* Tellurium.png */,
				63F82CA41A6DCF560063F7E9 /* Terbium.png */,
				63F82CA51A6DCF560063F7E9 /* Thallium.png */,
				63F82CA61A6DCF560063F7E9 /* Thorium.png */,
				63F82CA71A6DCF560063F7E9 /* Thulium.png */,
				63F82CA81A6DCF560063F7E9 /* Tin.png */,
				63F82CA91A6DCF560063F7E9 /* Titanium.png */,
				63F82CAA1A6DCF560063F7E9 /* TransitionMetalsBanner.png */,
				63F82CAB1A6DCF560063F7E9 /* Tungsten.png */,
				63F82CAC1A6DCF560063F7E9 /* Ununoctium.png */,
				63F82CAD1A6DCF560063F7E9 /* Ununpentium.png */,
				63F82CAE1A6DCF560063F7E9 /* Ununseptium.png */,
				63F82CAF1A6DCF560063F7E9 /* Ununtrium.png */,
				63F82CB01A6DCF560063F7E9 /* Uranium.png */,
				63F82CB11A6DCF560063F7E9 /* Vanadium.png */,
				63F82CB31A6DCF560063F7E9 /* YellowBG.png */,
				63F82CB41A6DCF560063F7E9 /* Ytterbium.png */,
				63F82CB51A6DCF560063F7E9 /* Yttrium.png */,
				63F82CB61A6DCF560063F7E9 /* Zinc.png */,
				63F82CB71A6DCF560063F7E9 /* Zirconium.png */,
			);
			path = ElementImages;
			sourceTree = "<group>";
		};
/* End PBXGroup section */

/* Begin PBXNativeTarget section */
		639BDAFC1A5F84CC0043F97C /* PeriodicTable */ = {
			isa = PBXNativeTarget;
			buildConfigurationList = 639BDB1A1A5F84CC0043F97C /* Build configuration list for PBXNativeTarget "PeriodicTable" */;
			buildPhases = (
				639BDAF91A5F84CC0043F97C /* Sources */,
				639BDAFA1A5F84CC0043F97C /* Frameworks */,
				639BDAFB1A5F84CC0043F97C /* Resources */,
			);
			buildRules = (
			);
			dependencies = (
			);
			name = PeriodicTable;
			productName = PeriodicTable;
			productReference = 639BDAFD1A5F84CC0043F97C /* PeriodicTable.app */;
			productType = "com.apple.product-type.application";
		};
		639BDB0F1A5F84CC0043F97C /* PeriodicTableTests */ = {
			isa = PBXNativeTarget;
			buildConfigurationList = 639BDB1D1A5F84CC0043F97C /* Build configuration list for PBXNativeTarget "PeriodicTableTests" */;
			buildPhases = (
				639BDB0C1A5F84CC0043F97C /* Sources */,
				639BDB0D1A5F84CC0043F97C /* Frameworks */,
				639BDB0E1A5F84CC0043F97C /* Resources */,
			);
			buildRules = (
			);
			dependencies = (
				639BDB121A5F84CC0043F97C /* PBXTargetDependency */,
			);
			name = PeriodicTableTests;
			productName = PeriodicTableTests;
			productReference = 639BDB101A5F84CC0043F97C /* PeriodicTableTests.xctest */;
			productType = "com.apple.product-type.bundle.unit-test";
		};
/* End PBXNativeTarget section */

/* Begin PBXProject section */
		639BDAF51A5F84CC0043F97C /* Project object */ = {
			isa = PBXProject;
			attributes = {
				LastUpgradeCheck = 0610;
				ORGANIZATIONNAME = SimpleGenius;
				TargetAttributes = {
					639BDAFC1A5F84CC0043F97C = {
						CreatedOnToolsVersion = 6.1.1;
						DevelopmentTeam = 4H2M5K66E8;
						SystemCapabilities = {
							com.apple.Sandbox = {
								enabled = 1;
							};
						};
					};
					639BDB0F1A5F84CC0043F97C = {
						CreatedOnToolsVersion = 6.1.1;
						TestTargetID = 639BDAFC1A5F84CC0043F97C;
					};
				};
			};
			buildConfigurationList = 639BDAF81A5F84CC0043F97C /* Build configuration list for PBXProject "PeriodicTable" */;
			compatibilityVersion = "Xcode 3.2";
			developmentRegion = English;
			hasScannedForEncodings = 0;
			knownRegions = (
				en,
				Base,
			);
			mainGroup = 639BDAF41A5F84CC0043F97C;
			productRefGroup = 639BDAFE1A5F84CC0043F97C /* Products */;
			projectDirPath = "";
			projectRoot = "";
			targets = (
				639BDAFC1A5F84CC0043F97C /* PeriodicTable */,
				639BDB0F1A5F84CC0043F97C /* PeriodicTableTests */,
			);
		};
/* End PBXProject section */

/* Begin PBXResourcesBuildPhase section */
		639BDAFB1A5F84CC0043F97C /* Resources */ = {
			isa = PBXResourcesBuildPhase;
			buildActionMask = 2147483647;
			files = (
				63F82CDE1A6DCF560063F7E9 /* Fluorine.png in Resources */,
				63F82CD91A6DCF560063F7E9 /* Einsteinium.png in Resources */,
				63507F941AAE9CDB001E298F /* icon_512x512.png in Resources */,
				63F82D0C1A6DCF560063F7E9 /* Phosphorus.png in Resources */,
				63F82CD31A6DCF560063F7E9 /* Copernicium.png in Resources */,
				63F82CFA1A6DCF560063F7E9 /* Manganese.png in Resources */,
				63F82CF51A6DCF560063F7E9 /* Lead.png in Resources */,
				63F82D3B1A6DCF560063F7E9 /* Zinc.png in Resources */,
				63507F921AAE9CDB001E298F /* icon_32x32.png in Resources */,
				63F82D3A1A6DCF560063F7E9 /* Yttrium.png in Resources */,
				63F82D051A6DCF560063F7E9 /* Nitrogen.png in Resources */,
				63F82CC91A6DCF560063F7E9 /* Bromine.png in Resources */,
				63F82CDF1A6DCF560063F7E9 /* Francium.png in Resources */,
				63F82D191A6DCF560063F7E9 /* Roentgenium.png in Resources */,
				63F82D091A6DCF560063F7E9 /* OtherNonmetalsBanner.png in Resources */,
				63F82D0B1A6DCF560063F7E9 /* Palladium.png in Resources */,
				63F82D241A6DCF560063F7E9 /* Strontium.png in Resources */,
				63F82D321A6DCF560063F7E9 /* Ununpentium.png in Resources */,
				63F82D1E1A6DCF560063F7E9 /* Scandium.png in Resources */,
				63F82D361A6DCF560063F7E9 /* Vanadium.png in Resources */,
				63F82CE71A6DCF560063F7E9 /* Helium.png in Resources */,
				63F82CDD1A6DCF560063F7E9 /* Flerovium.png in Resources */,
				63F82CD11A6DCF560063F7E9 /* Chromium.png in Resources */,
				63F82CC71A6DCF560063F7E9 /* Bohrium.png in Resources */,
				63F82CF41A6DCF560063F7E9 /* Lawrencium.png in Resources */,
				63F82CE91A6DCF560063F7E9 /* Hydrogen.png in Resources */,
				63F82D391A6DCF560063F7E9 /* Ytterbium.png in Resources */,
				63F82CDB1A6DCF560063F7E9 /* Europium.png in Resources */,
				63F82D261A6DCF560063F7E9 /* Tantalum.png in Resources */,
				639BDB081A5F84CC0043F97C /* Images.xcassets in Resources */,
				63507F951AAE9CDB001E298F /* icon_512x512@2x-.png in Resources */,
				63F82D271A6DCF560063F7E9 /* Technetium.png in Resources */,
				63507F8E1AAE9CDB001E298F /* icon_128x128.png in Resources */,
				63F82CCC1A6DCF560063F7E9 /* Californium.png in Resources */,
				63F82CED1A6DCF560063F7E9 /* Iodine.png in Resources */,
				63F82D2C1A6DCF560063F7E9 /* Thulium.png in Resources */,
				63F82D021A6DCF560063F7E9 /* Neptunium.png in Resources */,
				63F82CC11A6DCF560063F7E9 /* Arsenic.png in Resources */,
				63F82D031A6DCF560063F7E9 /* Nickel.png in Resources */,
				63F82CCB1A6DCF560063F7E9 /* Calcium.png in Resources */,
				63F82CFC1A6DCF560063F7E9 /* Mendelevium.png in Resources */,
				63F82CC41A6DCF560063F7E9 /* Berkelium.png in Resources */,
				63F82D081A6DCF560063F7E9 /* Osmium.png in Resources */,
				63F82CB91A6DCF560063F7E9 /* ActinideSeriesBanner.png in Resources */,
				63F82CD71A6DCF560063F7E9 /* Dubnium.png in Resources */,
				63F82CFE1A6DCF560063F7E9 /* MetalloidsBanner.png in Resources */,
				63F82D1D1A6DCF560063F7E9 /* Samarium.png in Resources */,
				63F82CFD1A6DCF560063F7E9 /* Mercury.png in Resources */,
				63507F911AAE9CDB001E298F /* icon_256x256@2x.png in Resources */,
				63F82D221A6DCF560063F7E9 /* Silver.png in Resources */,
				63F82D2F1A6DCF560063F7E9 /* TransitionMetalsBanner.png in Resources */,
				63F82CBF1A6DCF560063F7E9 /* Antimony.png in Resources */,
				63F82CDA1A6DCF560063F7E9 /* Erbium.png in Resources */,
				63F82CE01A6DCF560063F7E9 /* Gadolinium.png in Resources */,
				63F82CF11A6DCF560063F7E9 /* LanthanideSeries.png in Resources */,
				63F82CC81A6DCF560063F7E9 /* Boron.png in Resources */,
				63F82D331A6DCF560063F7E9 /* Ununseptium.png in Resources */,
				63F82D151A6DCF560063F7E9 /* Radium.png in Resources */,
				63507F8C1AAE9CDB001E298F /* icon_16x16.png in Resources */,
				63F82D301A6DCF560063F7E9 /* Tungsten.png in Resources */,
				63F82D111A6DCF560063F7E9 /* Potassium.png in Resources */,
				63F82CE51A6DCF560063F7E9 /* HalogensBanner.png in Resources */,
				63F82CCD1A6DCF560063F7E9 /* Carbon.png in Resources */,
				63F82D231A6DCF560063F7E9 /* Sodium.png in Resources */,
				63F82D011A6DCF560063F7E9 /* Neon.png in Resources */,
				63F82CEE1A6DCF560063F7E9 /* Iridium.png in Resources */,
				63F82D131A6DCF560063F7E9 /* Promethium.png in Resources */,
				63F82CEF1A6DCF560063F7E9 /* Iron.png in Resources */,
				63507F7C1AAE96B9001E298F /* Chlorine.png in Resources */,
				63F82CFB1A6DCF560063F7E9 /* Meitnerium.png in Resources */,
				63F82D101A6DCF560063F7E9 /* PostTransitionMetalsBanner.png in Resources */,
				63F82D1B1A6DCF560063F7E9 /* Ruthenium.png in Resources */,
				63B706121A6C42F10008CF30 /* ElementData.plist in Resources */,
				63F82D2D1A6DCF560063F7E9 /* Tin.png in Resources */,
				63507F901AAE9CDB001E298F /* icon_256x256.png in Resources */,
				63F82CF91A6DCF560063F7E9 /* Magnesium.png in Resources */,
				63F82CD41A6DCF560063F7E9 /* Copper.png in Resources */,
				63F82CBE1A6DCF560063F7E9 /* Americium.png in Resources */,
				63F82D341A6DCF560063F7E9 /* Ununtrium.png in Resources */,
				63F82D061A6DCF560063F7E9 /* Nobelium.png in Resources */,
				63F82CC01A6DCF560063F7E9 /* Argon.png in Resources */,
				63F82D201A6DCF560063F7E9 /* Selenium.png in Resources */,
				63F82CBB1A6DCF560063F7E9 /* AlkaliMetalsBanner.png in Resources */,
				63F82D1F1A6DCF560063F7E9 /* Seaborgium.png in Resources */,
				63F82CC61A6DCF560063F7E9 /* Bismuth.png in Resources */,
				63F82CF71A6DCF560063F7E9 /* Livermorium.png in Resources */,
				63F82D121A6DCF560063F7E9 /* Praseodymium.png in Resources */,
				63F82D171A6DCF560063F7E9 /* Rhenium.png in Resources */,
				63507F8D1AAE9CDB001E298F /* icon_16x16@2x.png in Resources */,
				63F82D0A1A6DCF560063F7E9 /* Oxygen.png in Resources */,
				63F82D2A1A6DCF560063F7E9 /* Thallium.png in Resources */,
				63F82CEB1A6DCF560063F7E9 /* HydrogenLarge.png in Resources */,
				63507F7A1AAE9554001E298F /* Xenon.png in Resources */,
				63F82CC51A6DCF560063F7E9 /* Beryllium.png in Resources */,
				63F82D001A6DCF560063F7E9 /* Neodymium.png in Resources */,
				634A9DCA1A5F8788006F41FA /* PeriodicTableWindow.xib in Resources */,
				63F82CBA1A6DCF560063F7E9 /* Actinium.png in Resources */,
				63F82D251A6DCF560063F7E9 /* Sulfur.png in Resources */,
				63507F931AAE9CDB001E298F /* icon_32x32@2x.png in Resources */,
				63F82CDC1A6DCF560063F7E9 /* Fermium.png in Resources */,
				63F82CF31A6DCF560063F7E9 /* Lanthanum.png in Resources */,
				63F82CD81A6DCF560063F7E9 /* Dysprosium.png in Resources */,
				63F82CE31A6DCF560063F7E9 /* Gold.png in Resources */,
				63F82CE11A6DCF560063F7E9 /* Gallium.png in Resources */,
				63F82D291A6DCF560063F7E9 /* Terbium.png in Resources */,
				63F82CCE1A6DCF560063F7E9 /* Cerium.png in Resources */,
				63F82D071A6DCF560063F7E9 /* NobleGasesBanner.png in Resources */,
				63F82CD51A6DCF560063F7E9 /* Curium.png in Resources */,
				63F82CB81A6DCF560063F7E9 /* ActinideSeries.png in Resources */,
				63F82CC21A6DCF560063F7E9 /* Astatine.png in Resources */,
				63F82D211A6DCF560063F7E9 /* Silicon.png in Resources */,
				63F82D0E1A6DCF560063F7E9 /* Plutonium.png in Resources */,
				63F82D0F1A6DCF560063F7E9 /* Polonium.png in Resources */,
				63F82D381A6DCF560063F7E9 /* YellowBG.png in Resources */,
				63F82D481A6DE5FF0063F7E9 /* testHeader.png in Resources */,
				63F82D2E1A6DCF560063F7E9 /* Titanium.png in Resources */,
				63F82D1A1A6DCF560063F7E9 /* Rubidium.png in Resources */,
				63F82CF61A6DCF560063F7E9 /* Lithium.png in Resources */,
				63F82CBD1A6DCF560063F7E9 /* Aluminum.png in Resources */,
				63F82CD61A6DCF560063F7E9 /* Darmstadtium.png in Resources */,
				63F82D181A6DCF560063F7E9 /* Rhodium.png in Resources */,
				63F82CE41A6DCF560063F7E9 /* Hafnium.png in Resources */,
				63F82CCF1A6DCF560063F7E9 /* Cesium.png in Resources */,
				63F82CEA1A6DCF560063F7E9 /* HydrogenClear.png in Resources */,
				63F82CE81A6DCF560063F7E9 /* Holmium.png in Resources */,
				63F82D281A6DCF560063F7E9 /* Tellurium.png in Resources */,
				63F82CF01A6DCF560063F7E9 /* Krypton.png in Resources */,
				63F82CD21A6DCF560063F7E9 /* Cobalt.png in Resources */,
				63F82D141A6DCF560063F7E9 /* Protactinium.png in Resources */,
				63507F8F1AAE9CDB001E298F /* icon_128x128@2x-.png in Resources */,
				63F82D041A6DCF560063F7E9 /* Niobium.png in Resources */,
				63F82CC31A6DCF560063F7E9 /* Barium.png in Resources */,
				63F82D1C1A6DCF560063F7E9 /* Rutherfordium.png in Resources */,
				639BDB0B1A5F84CC0043F97C /* MainMenu.xib in Resources */,
				63F82D311A6DCF560063F7E9 /* Ununoctium.png in Resources */,
				63F82D0D1A6DCF560063F7E9 /* Platinum.png in Resources */,
				63F82D2B1A6DCF560063F7E9 /* Thorium.png in Resources */,
				63F82CE21A6DCF560063F7E9 /* Germanium.png in Resources */,
				63F82CF21A6DCF560063F7E9 /* LanthanideSeriesBanner.png in Resources */,
				63F82CBC1A6DCF560063F7E9 /* AlkalineEarthMetalsBanner.png in Resources */,
				63F82CEC1A6DCF560063F7E9 /* Indium.png in Resources */,
				63F82CE61A6DCF560063F7E9 /* Hassium.png in Resources */,
				63F82CFF1A6DCF560063F7E9 /* Molybdenum.png in Resources */,
				63F82CCA1A6DCF560063F7E9 /* Cadmium.png in Resources */,
				63F82D351A6DCF560063F7E9 /* Uranium.png in Resources */,
				63F82CF81A6DCF560063F7E9 /* Lutetium.png in Resources */,
				63F82D161A6DCF560063F7E9 /* Radon.png in Resources */,
				63F82D3C1A6DCF560063F7E9 /* Zirconium.png in Resources */,
			);
			runOnlyForDeploymentPostprocessing = 0;
		};
		639BDB0E1A5F84CC0043F97C /* Resources */ = {
			isa = PBXResourcesBuildPhase;
			buildActionMask = 2147483647;
			files = (
			);
			runOnlyForDeploymentPostprocessing = 0;
		};
/* End PBXResourcesBuildPhase section */

/* Begin PBXSourcesBuildPhase section */
		639BDAF91A5F84CC0043F97C /* Sources */ = {
			isa = PBXSourcesBuildPhase;
			buildActionMask = 2147483647;
			files = (
				634A9ED61A5F8C56006F41FA /* ElementButton.m in Sources */,
				63B706101A6C41E60008CF30 /* ElementManager.m in Sources */,
				634A9DC91A5F8788006F41FA /* PeriodicTableWindow.m in Sources */,
				639BDB061A5F84CC0043F97C /* main.m in Sources */,
				639BDB041A5F84CC0043F97C /* AppDelegate.m in Sources */,
				63B706151A6C436C0008CF30 /* Constants.m in Sources */,
			);
			runOnlyForDeploymentPostprocessing = 0;
		};
		639BDB0C1A5F84CC0043F97C /* Sources */ = {
			isa = PBXSourcesBuildPhase;
			buildActionMask = 2147483647;
			files = (
				639BDB171A5F84CC0043F97C /* PeriodicTableTests.m in Sources */,
			);
			runOnlyForDeploymentPostprocessing = 0;
		};
/* End PBXSourcesBuildPhase section */

/* Begin PBXTargetDependency section */
		639BDB121A5F84CC0043F97C /* PBXTargetDependency */ = {
			isa = PBXTargetDependency;
			target = 639BDAFC1A5F84CC0043F97C /* PeriodicTable */;
			targetProxy = 639BDB111A5F84CC0043F97C /* PBXContainerItemProxy */;
		};
/* End PBXTargetDependency section */

/* Begin PBXVariantGroup section */
		639BDB091A5F84CC0043F97C /* MainMenu.xib */ = {
			isa = PBXVariantGroup;
			children = (
				639BDB0A1A5F84CC0043F97C /* Base */,
			);
			name = MainMenu.xib;
			sourceTree = "<group>";
		};
/* End PBXVariantGroup section */

/* Begin XCBuildConfiguration section */
		639BDB181A5F84CC0043F97C /* Debug */ = {
			isa = XCBuildConfiguration;
			buildSettings = {
				ALWAYS_SEARCH_USER_PATHS = NO;
				CLANG_CXX_LANGUAGE_STANDARD = "gnu++0x";
				CLANG_CXX_LIBRARY = "libc++";
				CLANG_ENABLE_MODULES = YES;
				CLANG_ENABLE_OBJC_ARC = YES;
				CLANG_WARN_BOOL_CONVERSION = YES;
				CLANG_WARN_CONSTANT_CONVERSION = YES;
				CLANG_WARN_DIRECT_OBJC_ISA_USAGE = YES_ERROR;
				CLANG_WARN_EMPTY_BODY = YES;
				CLANG_WARN_ENUM_CONVERSION = YES;
				CLANG_WARN_INT_CONVERSION = YES;
				CLANG_WARN_OBJC_ROOT_CLASS = YES_ERROR;
				CLANG_WARN_UNREACHABLE_CODE = YES;
				CLANG_WARN__DUPLICATE_METHOD_MATCH = YES;
				CODE_SIGN_IDENTITY = "-";
				COPY_PHASE_STRIP = NO;
				ENABLE_STRICT_OBJC_MSGSEND = YES;
				GCC_C_LANGUAGE_STANDARD = gnu99;
				GCC_DYNAMIC_NO_PIC = NO;
				GCC_OPTIMIZATION_LEVEL = 0;
				GCC_PREPROCESSOR_DEFINITIONS = (
					"DEBUG=1",
					"$(inherited)",
				);
				GCC_SYMBOLS_PRIVATE_EXTERN = NO;
				GCC_WARN_64_TO_32_BIT_CONVERSION = YES;
				GCC_WARN_ABOUT_RETURN_TYPE = YES_ERROR;
				GCC_WARN_UNDECLARED_SELECTOR = YES;
				GCC_WARN_UNINITIALIZED_AUTOS = YES_AGGRESSIVE;
				GCC_WARN_UNUSED_FUNCTION = YES;
				GCC_WARN_UNUSED_VARIABLE = YES;
				MACOSX_DEPLOYMENT_TARGET = 10.10;
				MTL_ENABLE_DEBUG_INFO = YES;
				ONLY_ACTIVE_ARCH = YES;
				SDKROOT = macosx;
			};
			name = Debug;
		};
		639BDB191A5F84CC0043F97C /* Release */ = {
			isa = XCBuildConfiguration;
			buildSettings = {
				ALWAYS_SEARCH_USER_PATHS = NO;
				CLANG_CXX_LANGUAGE_STANDARD = "gnu++0x";
				CLANG_CXX_LIBRARY = "libc++";
				CLANG_ENABLE_MODULES = YES;
				CLANG_ENABLE_OBJC_ARC = YES;
				CLANG_WARN_BOOL_CONVERSION = YES;
				CLANG_WARN_CONSTANT_CONVERSION = YES;
				CLANG_WARN_DIRECT_OBJC_ISA_USAGE = YES_ERROR;
				CLANG_WARN_EMPTY_BODY = YES;
				CLANG_WARN_ENUM_CONVERSION = YES;
				CLANG_WARN_INT_CONVERSION = YES;
				CLANG_WARN_OBJC_ROOT_CLASS = YES_ERROR;
				CLANG_WARN_UNREACHABLE_CODE = YES;
				CLANG_WARN__DUPLICATE_METHOD_MATCH = YES;
				CODE_SIGN_IDENTITY = "-";
				COPY_PHASE_STRIP = YES;
				DEBUG_INFORMATION_FORMAT = "dwarf-with-dsym";
				ENABLE_NS_ASSERTIONS = NO;
				ENABLE_STRICT_OBJC_MSGSEND = YES;
				GCC_C_LANGUAGE_STANDARD = gnu99;
				GCC_WARN_64_TO_32_BIT_CONVERSION = YES;
				GCC_WARN_ABOUT_RETURN_TYPE = YES_ERROR;
				GCC_WARN_UNDECLARED_SELECTOR = YES;
				GCC_WARN_UNINITIALIZED_AUTOS = YES_AGGRESSIVE;
				GCC_WARN_UNUSED_FUNCTION = YES;
				GCC_WARN_UNUSED_VARIABLE = YES;
				MACOSX_DEPLOYMENT_TARGET = 10.10;
				MTL_ENABLE_DEBUG_INFO = NO;
				SDKROOT = macosx;
			};
			name = Release;
		};
		639BDB1B1A5F84CC0043F97C /* Debug */ = {
			isa = XCBuildConfiguration;
			buildSettings = {
				ASSETCATALOG_COMPILER_APPICON_NAME = AppIcon;
				CODE_SIGN_ENTITLEMENTS = PeriodicTable/PeriodicTable.entitlements;
				CODE_SIGN_IDENTITY = "Mac Developer";
				"CODE_SIGN_IDENTITY[sdk=macosx*]" = "Mac Developer";
				COMBINE_HIDPI_IMAGES = YES;
				DEBUG_INFORMATION_FORMAT = "dwarf-with-dsym";
				INFOPLIST_FILE = PeriodicTable/Info.plist;
				LD_RUNPATH_SEARCH_PATHS = "$(inherited) @executable_path/../Frameworks";
				PRODUCT_NAME = PeriodicTable;
				PROVISIONING_PROFILE = "";
			};
			name = Debug;
		};
		639BDB1C1A5F84CC0043F97C /* Release */ = {
			isa = XCBuildConfiguration;
			buildSettings = {
				ASSETCATALOG_COMPILER_APPICON_NAME = AppIcon;
				CODE_SIGN_ENTITLEMENTS = PeriodicTable/PeriodicTable.entitlements;
				CODE_SIGN_IDENTITY = "Mac Developer";
				"CODE_SIGN_IDENTITY[sdk=macosx*]" = "Mac Developer";
				COMBINE_HIDPI_IMAGES = YES;
				INFOPLIST_FILE = PeriodicTable/Info.plist;
				LD_RUNPATH_SEARCH_PATHS = "$(inherited) @executable_path/../Frameworks";
				PRODUCT_NAME = PeriodicTable;
				PROVISIONING_PROFILE = "";
			};
			name = Release;
		};
		639BDB1E1A5F84CC0043F97C /* Debug */ = {
			isa = XCBuildConfiguration;
			buildSettings = {
				BUNDLE_LOADER = "$(TEST_HOST)";
				COMBINE_HIDPI_IMAGES = YES;
				FRAMEWORK_SEARCH_PATHS = (
					"$(DEVELOPER_FRAMEWORKS_DIR)",
					"$(inherited)",
				);
				GCC_PREPROCESSOR_DEFINITIONS = (
					"DEBUG=1",
					"$(inherited)",
				);
				INFOPLIST_FILE = PeriodicTableTests/Info.plist;
				LD_RUNPATH_SEARCH_PATHS = "$(inherited) @executable_path/../Frameworks @loader_path/../Frameworks";
				PRODUCT_NAME = PeriodicTableTests;
				TEST_HOST = "$(BUILT_PRODUCTS_DIR)/PeriodicTable.app/Contents/MacOS/PeriodicTable";
			};
			name = Debug;
		};
		639BDB1F1A5F84CC0043F97C /* Release */ = {
			isa = XCBuildConfiguration;
			buildSettings = {
				BUNDLE_LOADER = "$(TEST_HOST)";
				COMBINE_HIDPI_IMAGES = YES;
				FRAMEWORK_SEARCH_PATHS = (
					"$(DEVELOPER_FRAMEWORKS_DIR)",
					"$(inherited)",
				);
				INFOPLIST_FILE = PeriodicTableTests/Info.plist;
				LD_RUNPATH_SEARCH_PATHS = "$(inherited) @executable_path/../Frameworks @loader_path/../Frameworks";
				PRODUCT_NAME = PeriodicTableTests;
				TEST_HOST = "$(BUILT_PRODUCTS_DIR)/PeriodicTable.app/Contents/MacOS/PeriodicTable";
			};
			name = Release;
		};
/* End XCBuildConfiguration section */

/* Begin XCConfigurationList section */
		639BDAF81A5F84CC0043F97C /* Build configuration list for PBXProject "PeriodicTable" */ = {
			isa = XCConfigurationList;
			buildConfigurations = (
				639BDB181A5F84CC0043F97C /* Debug */,
				639BDB191A5F84CC0043F97C /* Release */,
			);
			defaultConfigurationIsVisible = 0;
			defaultConfigurationName = Release;
		};
		639BDB1A1A5F84CC0043F97C /* Build configuration list for PBXNativeTarget "PeriodicTable" */ = {
			isa = XCConfigurationList;
			buildConfigurations = (
				639BDB1B1A5F84CC0043F97C /* Debug */,
				639BDB1C1A5F84CC0043F97C /* Release */,
			);
			defaultConfigurationIsVisible = 0;
			defaultConfigurationName = Release;
		};
		639BDB1D1A5F84CC0043F97C /* Build configuration list for PBXNativeTarget "PeriodicTableTests" */ = {
			isa = XCConfigurationList;
			buildConfigurations = (
				639BDB1E1A5F84CC0043F97C /* Debug */,
				639BDB1F1A5F84CC0043F97C /* Release */,
			);
			defaultConfigurationIsVisible = 0;
			defaultConfigurationName = Release;
		};
/* End XCConfigurationList section */
	};
	rootObject = 639BDAF51A5F84CC0043F97C /* Project object */;
}
